// !$*UTF8*$!
{
	archiveVersion = 1;
	classes = {
	};
	objectVersion = 55;
	objects = {

/* Begin PBXBuildFile section */
		9B00D1A92B4B5A45004CBD97 /* SpringFollowCamera.cpp in Sources */ = {isa = PBXBuildFile; fileRef = 9B00D1A72B4B5A45004CBD97 /* SpringFollowCamera.cpp */; };
		9B01FF2A2BB0AAB70089BF7E /* Animation.cpp in Sources */ = {isa = PBXBuildFile; fileRef = 9B01FF282BB0AAB70089BF7E /* Animation.cpp */; };
		9B01FF2B2BB0AAB70089BF7E /* AnimationData.cpp in Sources */ = {isa = PBXBuildFile; fileRef = 9B01FF292BB0AAB70089BF7E /* AnimationData.cpp */; };
		9B01FF2E2BB0AAC20089BF7E /* Bone.cpp in Sources */ = {isa = PBXBuildFile; fileRef = 9B01FF2D2BB0AAC20089BF7E /* Bone.cpp */; };
		9B01FF312BB0B8C90089BF7E /* AnimationComponent.cpp in Sources */ = {isa = PBXBuildFile; fileRef = 9B01FF2F2BB0B8C90089BF7E /* AnimationComponent.cpp */; };
		9B0623DA2BA75AE700F61D56 /* EkAudio.cpp in Sources */ = {isa = PBXBuildFile; fileRef = 9B0623D82BA75AE700F61D56 /* EkAudio.cpp */; };
		9B0623E82BA76B0B00F61D56 /* libsfml-audio.2.6.1.dylib in Frameworks */ = {isa = PBXBuildFile; fileRef = 9B0623DE2BA7699D00F61D56 /* libsfml-audio.2.6.1.dylib */; };
		9B0623E92BA76B0B00F61D56 /* libsfml-audio.2.6.1.dylib in Embed Libraries */ = {isa = PBXBuildFile; fileRef = 9B0623DE2BA7699D00F61D56 /* libsfml-audio.2.6.1.dylib */; settings = {ATTRIBUTES = (CodeSignOnCopy, ); }; };
		9B0623EB2BA76CF500F61D56 /* libsfml-system.2.6.1.dylib in Frameworks */ = {isa = PBXBuildFile; fileRef = 9B0623EA2BA76CF500F61D56 /* libsfml-system.2.6.1.dylib */; };
		9B0623EC2BA76CF500F61D56 /* libsfml-system.2.6.1.dylib in Embed Libraries */ = {isa = PBXBuildFile; fileRef = 9B0623EA2BA76CF500F61D56 /* libsfml-system.2.6.1.dylib */; settings = {ATTRIBUTES = (CodeSignOnCopy, ); }; };
		9B0623F12BA76D2200F61D56 /* libsfml-system.2.6.dylib in CopyFiles */ = {isa = PBXBuildFile; fileRef = 9B0623ED2BA76D2200F61D56 /* libsfml-system.2.6.dylib */; };
		9B0623F22BA76D2200F61D56 /* libsfml-audio.2.6.dylib in CopyFiles */ = {isa = PBXBuildFile; fileRef = 9B0623EE2BA76D2200F61D56 /* libsfml-audio.2.6.dylib */; };
		9B0623F32BA76D2200F61D56 /* libsfml-audio.dylib in CopyFiles */ = {isa = PBXBuildFile; fileRef = 9B0623EF2BA76D2200F61D56 /* libsfml-audio.dylib */; };
		9B0623F42BA76D2200F61D56 /* libsfml-system.dylib in CopyFiles */ = {isa = PBXBuildFile; fileRef = 9B0623F02BA76D2200F61D56 /* libsfml-system.dylib */; };
		9B0623FB2BA76D8000F61D56 /* freetype.framework in Frameworks */ = {isa = PBXBuildFile; fileRef = 9B0623F52BA76D8000F61D56 /* freetype.framework */; };
		9B0623FC2BA76D8000F61D56 /* freetype.framework in Embed Libraries */ = {isa = PBXBuildFile; fileRef = 9B0623F52BA76D8000F61D56 /* freetype.framework */; settings = {ATTRIBUTES = (CodeSignOnCopy, RemoveHeadersOnCopy, ); }; };
		9B0623FD2BA76D8000F61D56 /* vorbis.framework in Frameworks */ = {isa = PBXBuildFile; fileRef = 9B0623F62BA76D8000F61D56 /* vorbis.framework */; };
		9B0623FE2BA76D8000F61D56 /* vorbis.framework in Embed Libraries */ = {isa = PBXBuildFile; fileRef = 9B0623F62BA76D8000F61D56 /* vorbis.framework */; settings = {ATTRIBUTES = (CodeSignOnCopy, RemoveHeadersOnCopy, ); }; };
		9B0623FF2BA76D8000F61D56 /* vorbisenc.framework in Frameworks */ = {isa = PBXBuildFile; fileRef = 9B0623F72BA76D8000F61D56 /* vorbisenc.framework */; };
		9B0624002BA76D8000F61D56 /* vorbisenc.framework in Embed Libraries */ = {isa = PBXBuildFile; fileRef = 9B0623F72BA76D8000F61D56 /* vorbisenc.framework */; settings = {ATTRIBUTES = (CodeSignOnCopy, RemoveHeadersOnCopy, ); }; };
		9B0624012BA76D8000F61D56 /* vorbisfile.framework in Frameworks */ = {isa = PBXBuildFile; fileRef = 9B0623F82BA76D8000F61D56 /* vorbisfile.framework */; };
		9B0624022BA76D8000F61D56 /* vorbisfile.framework in Embed Libraries */ = {isa = PBXBuildFile; fileRef = 9B0623F82BA76D8000F61D56 /* vorbisfile.framework */; settings = {ATTRIBUTES = (CodeSignOnCopy, RemoveHeadersOnCopy, ); }; };
		9B0624052BA76D8000F61D56 /* ogg.framework in Frameworks */ = {isa = PBXBuildFile; fileRef = 9B0623FA2BA76D8000F61D56 /* ogg.framework */; };
		9B0624062BA76D8000F61D56 /* ogg.framework in Embed Libraries */ = {isa = PBXBuildFile; fileRef = 9B0623FA2BA76D8000F61D56 /* ogg.framework */; settings = {ATTRIBUTES = (CodeSignOnCopy, RemoveHeadersOnCopy, ); }; };
		9B0624072BA76D8800F61D56 /* OpenAL.framework in Frameworks */ = {isa = PBXBuildFile; fileRef = 9B1051212B4CA91600C2914D /* OpenAL.framework */; };
		9B0624082BA77DE700F61D56 /* FLAC.framework in Frameworks */ = {isa = PBXBuildFile; fileRef = 9B0623F92BA76D8000F61D56 /* FLAC.framework */; };
		9B0624092BA77DE700F61D56 /* FLAC.framework in Embed Libraries */ = {isa = PBXBuildFile; fileRef = 9B0623F92BA76D8000F61D56 /* FLAC.framework */; settings = {ATTRIBUTES = (CodeSignOnCopy, RemoveHeadersOnCopy, ); }; };
		9B094A2E2A4CED6A00F26182 /* GLModel.cpp in Sources */ = {isa = PBXBuildFile; fileRef = 9B094A2C2A4CED6A00F26182 /* GLModel.cpp */; };
		9B094A322A51FC3200F26182 /* SceneHelper.cpp in Sources */ = {isa = PBXBuildFile; fileRef = 9B094A302A51FC3200F26182 /* SceneHelper.cpp */; };
		9B09865E2BB9BD300015CE77 /* ICamera.cpp in Sources */ = {isa = PBXBuildFile; fileRef = 9B09865C2BB9BD300015CE77 /* ICamera.cpp */; };
		9B0986612BB9CE0B0015CE77 /* SceneDebugger.cpp in Sources */ = {isa = PBXBuildFile; fileRef = 9B09865F2BB9CE0B0015CE77 /* SceneDebugger.cpp */; };
		9B18B1FB2B5D976200A3226B /* Framebuffer.cpp in Sources */ = {isa = PBXBuildFile; fileRef = 9B18B1F72B5D976100A3226B /* Framebuffer.cpp */; };
		9B18B1FC2B5D976200A3226B /* RenderPass.cpp in Sources */ = {isa = PBXBuildFile; fileRef = 9B18B1FA2B5D976200A3226B /* RenderPass.cpp */; };
		9B1E9DDA2B4D36E6004E1E5E /* VehiclePhysicsDemo.cpp in Sources */ = {isa = PBXBuildFile; fileRef = 9B1E9DD82B4D36E6004E1E5E /* VehiclePhysicsDemo.cpp */; };
		9B2244712BB3AD130031713C /* libassimpd.5.3.0.dylib in Frameworks */ = {isa = PBXBuildFile; fileRef = 9B2244702BB3AD130031713C /* libassimpd.5.3.0.dylib */; };
		9B2244722BB3AD130031713C /* libassimpd.5.3.0.dylib in Embed Libraries */ = {isa = PBXBuildFile; fileRef = 9B2244702BB3AD130031713C /* libassimpd.5.3.0.dylib */; settings = {ATTRIBUTES = (CodeSignOnCopy, ); }; };
		9B2244752BB3AD370031713C /* libassimpd.5.dylib in CopyFiles */ = {isa = PBXBuildFile; fileRef = 9B2244732BB3AD370031713C /* libassimpd.5.dylib */; };
		9B2244762BB3AD370031713C /* libassimpd.dylib in CopyFiles */ = {isa = PBXBuildFile; fileRef = 9B2244742BB3AD370031713C /* libassimpd.dylib */; };
		9B2B0A372A14242600A9FF3F /* MainEntryScene.cpp in Sources */ = {isa = PBXBuildFile; fileRef = 9B2B0A332A14242600A9FF3F /* MainEntryScene.cpp */; };
		9B2B475A2B9EED6600CCEE31 /* Frustum.cpp in Sources */ = {isa = PBXBuildFile; fileRef = 9B2B47592B9EED6600CCEE31 /* Frustum.cpp */; };
		9B2B475D2B9EED7100CCEE31 /* BoundingVolume.cpp in Sources */ = {isa = PBXBuildFile; fileRef = 9B2B475C2B9EED7100CCEE31 /* BoundingVolume.cpp */; };
		9B312DC02A20B45400A9AAFB /* Director.cpp in Sources */ = {isa = PBXBuildFile; fileRef = 9B312DBE2A20B45400A9AAFB /* Director.cpp */; };
		9B33237F2B4DEEEB00552DE0 /* ForceFeedback.framework in Frameworks */ = {isa = PBXBuildFile; fileRef = 9B33237E2B4DEEEB00552DE0 /* ForceFeedback.framework */; };
		9B40CEE82A2201C10055FD47 /* GLMesh.cpp in Sources */ = {isa = PBXBuildFile; fileRef = 9B40CEE62A2201C10055FD47 /* GLMesh.cpp */; };
		9B40CEEA2A2220B00055FD47 /* Main.cpp in Sources */ = {isa = PBXBuildFile; fileRef = 9B40CEE92A2220B00055FD47 /* Main.cpp */; };
		9B4B7BC62A485DC7009C122B /* DebugRenderer.cpp in Sources */ = {isa = PBXBuildFile; fileRef = 9B4B7BC42A485DC7009C122B /* DebugRenderer.cpp */; };
		9B4BA1122A4A1DFF00380ED4 /* CarSuspension.cpp in Sources */ = {isa = PBXBuildFile; fileRef = 9B4BA1102A4A1DFF00380ED4 /* CarSuspension.cpp */; };
		9B4F71D02BBA063C00ADAF54 /* SpringFolllowCamera.cpp in Sources */ = {isa = PBXBuildFile; fileRef = 9B4F71CE2BBA063C00ADAF54 /* SpringFolllowCamera.cpp */; };
		9B5023F02A3E5E78003A9C8E /* EkBody.cpp in Sources */ = {isa = PBXBuildFile; fileRef = 9B5023E82A3E5E78003A9C8E /* EkBody.cpp */; };
		9B5023F22A3E5E78003A9C8E /* PhysicsWorld.cpp in Sources */ = {isa = PBXBuildFile; fileRef = 9B5023EC2A3E5E78003A9C8E /* PhysicsWorld.cpp */; };
		9B5023F32A3E5E78003A9C8E /* Collider.cpp in Sources */ = {isa = PBXBuildFile; fileRef = 9B5023EE2A3E5E78003A9C8E /* Collider.cpp */; };
		9B5E65B62A18D41D00A2C5A3 /* EkComponent.cpp in Sources */ = {isa = PBXBuildFile; fileRef = 9B5E65B42A18D41D00A2C5A3 /* EkComponent.cpp */; };
		9B5E65B92A18D79C00A2C5A3 /* EkUtils.cpp in Sources */ = {isa = PBXBuildFile; fileRef = 9B5E65B72A18D79C00A2C5A3 /* EkUtils.cpp */; };
		9B5F46952A1A6C0B00CCB41F /* RenderComponent.cpp in Sources */ = {isa = PBXBuildFile; fileRef = 9B5F46932A1A6C0B00CCB41F /* RenderComponent.cpp */; };
		9B655AE12B587CFF00A259D4 /* CarComponent.cpp in Sources */ = {isa = PBXBuildFile; fileRef = 9B655ADF2B587CFF00A259D4 /* CarComponent.cpp */; };
		9B8202692BBB51C9001416CE /* FPSDemo.cpp in Sources */ = {isa = PBXBuildFile; fileRef = 9B8202662BBB51C9001416CE /* FPSDemo.cpp */; };
		9B99C98A2D26F51300091763 /* ContactGenerator.cpp in Sources */ = {isa = PBXBuildFile; fileRef = 9B99C9892D26F51300091763 /* ContactGenerator.cpp */; };
		9B99C98E2D26F71400091763 /* ContactConstraint.cpp in Sources */ = {isa = PBXBuildFile; fileRef = 9B99C98C2D26F71400091763 /* ContactConstraint.cpp */; };
		9B99C9912D27165900091763 /* CollisionSystem.cpp in Sources */ = {isa = PBXBuildFile; fileRef = 9B99C98F2D27165900091763 /* CollisionSystem.cpp */; };
		9BD626762A1A0BBA009AEA3F /* FreeLookCamera.cpp in Sources */ = {isa = PBXBuildFile; fileRef = 9BD626742A1A0BBA009AEA3F /* FreeLookCamera.cpp */; };
		9BD626792A1A1621009AEA3F /* EkActor.cpp in Sources */ = {isa = PBXBuildFile; fileRef = 9BD626782A1A1621009AEA3F /* EkActor.cpp */; };
		9BE189192A2CD0E9005A4971 /* stb_image_aug.c in Sources */ = {isa = PBXBuildFile; fileRef = 9BE189112A2CD0E9005A4971 /* stb_image_aug.c */; };
		9BE1891A2A2CD0E9005A4971 /* image_DXT.c in Sources */ = {isa = PBXBuildFile; fileRef = 9BE189162A2CD0E9005A4971 /* image_DXT.c */; };
		9BE1891B2A2CD0E9005A4971 /* SOIL.c in Sources */ = {isa = PBXBuildFile; fileRef = 9BE189172A2CD0E9005A4971 /* SOIL.c */; };
		9BE1891C2A2CD0E9005A4971 /* image_helper.c in Sources */ = {isa = PBXBuildFile; fileRef = 9BE189182A2CD0E9005A4971 /* image_helper.c */; };
		9BE838792BA74BBD00634188 /* OpenGL.framework in Frameworks */ = {isa = PBXBuildFile; fileRef = 9F0273F8281C4E3D00CE30A9 /* OpenGL.framework */; };
		9BF6E8062BA8F6FA00179E95 /* SkeletalAnimationDemo.cpp in Sources */ = {isa = PBXBuildFile; fileRef = 9BF6E8052BA8F6FA00179E95 /* SkeletalAnimationDemo.cpp */; };
		9BF949162C3A72B4001BA567 /* StackOfBoxesDemo.cpp in Sources */ = {isa = PBXBuildFile; fileRef = 9BF949142C3A72B4001BA567 /* StackOfBoxesDemo.cpp */; };
		9F0273EF281C4BBD00CE30A9 /* libglfw3.a in Frameworks */ = {isa = PBXBuildFile; fileRef = 9F0273EE281C4BBD00CE30A9 /* libglfw3.a */; };
		9F0273F7281C4E3800CE30A9 /* Cocoa.framework in Frameworks */ = {isa = PBXBuildFile; fileRef = 9F0273F6281C4E3800CE30A9 /* Cocoa.framework */; };
		9F0273F9281C4E3D00CE30A9 /* OpenGL.framework in Frameworks */ = {isa = PBXBuildFile; fileRef = 9F0273F8281C4E3D00CE30A9 /* OpenGL.framework */; };
		9F0273FB281C4E4E00CE30A9 /* IOKit.framework in Frameworks */ = {isa = PBXBuildFile; fileRef = 9F0273FA281C4E4E00CE30A9 /* IOKit.framework */; };
		9F125C33281E793C00D58989 /* AppKit.framework in Frameworks */ = {isa = PBXBuildFile; fileRef = 9F125C32281E793C00D58989 /* AppKit.framework */; };
		9F382F99281D43D70033FCE1 /* Resources in CopyFiles */ = {isa = PBXBuildFile; fileRef = 9F382F98281D43AC0033FCE1 /* Resources */; };
		9F4F161A28D4B879007E7518 /* imgui_impl_opengl3.cpp in Sources */ = {isa = PBXBuildFile; fileRef = 9F4F161828D4B879007E7518 /* imgui_impl_opengl3.cpp */; };
		9F4F162628D4B8F5007E7518 /* imgui_tables.cpp in Sources */ = {isa = PBXBuildFile; fileRef = 9F4F161E28D4B8F5007E7518 /* imgui_tables.cpp */; };
		9F4F162728D4B8F5007E7518 /* imgui.cpp in Sources */ = {isa = PBXBuildFile; fileRef = 9F4F162028D4B8F5007E7518 /* imgui.cpp */; };
		9F4F162828D4B8F5007E7518 /* imgui_widgets.cpp in Sources */ = {isa = PBXBuildFile; fileRef = 9F4F162128D4B8F5007E7518 /* imgui_widgets.cpp */; };
		9F4F162928D4B8F5007E7518 /* imgui_demo.cpp in Sources */ = {isa = PBXBuildFile; fileRef = 9F4F162228D4B8F5007E7518 /* imgui_demo.cpp */; };
		9F4F162A28D4B8F5007E7518 /* imgui_draw.cpp in Sources */ = {isa = PBXBuildFile; fileRef = 9F4F162528D4B8F5007E7518 /* imgui_draw.cpp */; };
		9F4F162E28D4B9EE007E7518 /* imgui_impl_glfw.cpp in Sources */ = {isa = PBXBuildFile; fileRef = 9F4F162C28D4B9EE007E7518 /* imgui_impl_glfw.cpp */; };
		9FB53E942871E82F001B48E4 /* TransformComponent.cpp in Sources */ = {isa = PBXBuildFile; fileRef = 9FB53DFC2871E82F001B48E4 /* TransformComponent.cpp */; };
		9FB53E9A2871E82F001B48E4 /* EkScene.cpp in Sources */ = {isa = PBXBuildFile; fileRef = 9FB53E0B2871E82F001B48E4 /* EkScene.cpp */; };
		9FB53EAA2871E82F001B48E4 /* Random.cpp in Sources */ = {isa = PBXBuildFile; fileRef = 9FB53E2D2871E82F001B48E4 /* Random.cpp */; };
		9FB53EAB2871E82F001B48E4 /* AssetFactory.cpp in Sources */ = {isa = PBXBuildFile; fileRef = 9FB53E2F2871E82F001B48E4 /* AssetFactory.cpp */; };
		9FB53EAC2871E82F001B48E4 /* IAsset.cpp in Sources */ = {isa = PBXBuildFile; fileRef = 9FB53E302871E82F001B48E4 /* IAsset.cpp */; };
		9FB53EAD2871E82F001B48E4 /* Cubemap.cpp in Sources */ = {isa = PBXBuildFile; fileRef = 9FB53E352871E82F001B48E4 /* Cubemap.cpp */; };
		9FB53EB02871E82F001B48E4 /* AssetManager.cpp in Sources */ = {isa = PBXBuildFile; fileRef = 9FB53E3A2871E82F001B48E4 /* AssetManager.cpp */; };
		9FB53EB12871E82F001B48E4 /* ShaderProgram.cpp in Sources */ = {isa = PBXBuildFile; fileRef = 9FB53E3B2871E82F001B48E4 /* ShaderProgram.cpp */; };
		9FB53EB32871E82F001B48E4 /* Texture2D.cpp in Sources */ = {isa = PBXBuildFile; fileRef = 9FB53E3E2871E82F001B48E4 /* Texture2D.cpp */; };
		9FB53EB52871E82F001B48E4 /* InputHandler.cpp in Sources */ = {isa = PBXBuildFile; fileRef = 9FB53E432871E82F001B48E4 /* InputHandler.cpp */; };
		9FB53EB92871E82F001B48E4 /* GLFWGame.cpp in Sources */ = {isa = PBXBuildFile; fileRef = 9FB53E4F2871E82F001B48E4 /* GLFWGame.cpp */; };
		9FB53EBA2871E82F001B48E4 /* Globals.cpp in Sources */ = {isa = PBXBuildFile; fileRef = 9FB53E502871E82F001B48E4 /* Globals.cpp */; };
		9FB53EBC2871E82F001B48E4 /* Logger.cpp in Sources */ = {isa = PBXBuildFile; fileRef = 9FB53E572871E82F001B48E4 /* Logger.cpp */; };
		9FB53EBD2871E82F001B48E4 /* EventDispatcher.cpp in Sources */ = {isa = PBXBuildFile; fileRef = 9FB53E5C2871E82F001B48E4 /* EventDispatcher.cpp */; };
		9FB53EC52871E82F001B48E4 /* VertexArrayObject.cpp in Sources */ = {isa = PBXBuildFile; fileRef = 9FB53E8B2871E82F001B48E4 /* VertexArrayObject.cpp */; };
		9FB53EC62871E82F001B48E4 /* Material.cpp in Sources */ = {isa = PBXBuildFile; fileRef = 9FB53E8C2871E82F001B48E4 /* Material.cpp */; };
		9FB53EC72871E82F001B48E4 /* GLRenderer.cpp in Sources */ = {isa = PBXBuildFile; fileRef = 9FB53E8D2871E82F001B48E4 /* GLRenderer.cpp */; };
		9FB53EC82871E82F001B48E4 /* Timer.cpp in Sources */ = {isa = PBXBuildFile; fileRef = 9FB53E8E2871E82F001B48E4 /* Timer.cpp */; };
		9FB53ED02872093E001B48E4 /* glad.c in Sources */ = {isa = PBXBuildFile; fileRef = 9FB53ECF2872093E001B48E4 /* glad.c */; };
/* End PBXBuildFile section */

/* Begin PBXCopyFilesBuildPhase section */
		9B4C5C8A2A535E0A00432642 /* Embed Libraries */ = {
			isa = PBXCopyFilesBuildPhase;
			buildActionMask = 2147483647;
			dstPath = "";
			dstSubfolderSpec = 10;
			files = (
				9B2244722BB3AD130031713C /* libassimpd.5.3.0.dylib in Embed Libraries */,
				9B0624092BA77DE700F61D56 /* FLAC.framework in Embed Libraries */,
				9B0623E92BA76B0B00F61D56 /* libsfml-audio.2.6.1.dylib in Embed Libraries */,
				9B0624022BA76D8000F61D56 /* vorbisfile.framework in Embed Libraries */,
				9B0624002BA76D8000F61D56 /* vorbisenc.framework in Embed Libraries */,
				9B0624062BA76D8000F61D56 /* ogg.framework in Embed Libraries */,
				9B0623FE2BA76D8000F61D56 /* vorbis.framework in Embed Libraries */,
				9B0623FC2BA76D8000F61D56 /* freetype.framework in Embed Libraries */,
				9B0623EC2BA76CF500F61D56 /* libsfml-system.2.6.1.dylib in Embed Libraries */,
			);
			name = "Embed Libraries";
			runOnlyForDeploymentPostprocessing = 0;
		};
		9F0273DF281C430100CE30A9 /* CopyFiles */ = {
			isa = PBXCopyFilesBuildPhase;
			buildActionMask = 12;
			dstPath = "";
			dstSubfolderSpec = 16;
			files = (
				9F382F99281D43D70033FCE1 /* Resources in CopyFiles */,
				9B0623F12BA76D2200F61D56 /* libsfml-system.2.6.dylib in CopyFiles */,
				9B0623F22BA76D2200F61D56 /* libsfml-audio.2.6.dylib in CopyFiles */,
				9B2244752BB3AD370031713C /* libassimpd.5.dylib in CopyFiles */,
				9B2244762BB3AD370031713C /* libassimpd.dylib in CopyFiles */,
				9B0623F32BA76D2200F61D56 /* libsfml-audio.dylib in CopyFiles */,
				9B0623F42BA76D2200F61D56 /* libsfml-system.dylib in CopyFiles */,
			);
			runOnlyForDeploymentPostprocessing = 0;
		};
/* End PBXCopyFilesBuildPhase section */

/* Begin PBXFileReference section */
		9B00D1A72B4B5A45004CBD97 /* SpringFollowCamera.cpp */ = {isa = PBXFileReference; fileEncoding = 4; lastKnownFileType = sourcecode.cpp.cpp; name = SpringFollowCamera.cpp; path = EklavyaEngine/Scene/SpringFollowCamera.cpp; sourceTree = SOURCE_ROOT; };
		9B00D1A82B4B5A45004CBD97 /* SpringFollowCamera.hpp */ = {isa = PBXFileReference; fileEncoding = 4; lastKnownFileType = sourcecode.cpp.h; name = SpringFollowCamera.hpp; path = EklavyaEngine/Scene/SpringFollowCamera.hpp; sourceTree = SOURCE_ROOT; };
		9B01FF262BB0AAB70089BF7E /* AnimationData.h */ = {isa = PBXFileReference; fileEncoding = 4; lastKnownFileType = sourcecode.c.h; path = AnimationData.h; sourceTree = "<group>"; };
		9B01FF272BB0AAB70089BF7E /* Animation.h */ = {isa = PBXFileReference; fileEncoding = 4; lastKnownFileType = sourcecode.c.h; path = Animation.h; sourceTree = "<group>"; };
		9B01FF282BB0AAB70089BF7E /* Animation.cpp */ = {isa = PBXFileReference; fileEncoding = 4; lastKnownFileType = sourcecode.cpp.cpp; path = Animation.cpp; sourceTree = "<group>"; };
		9B01FF292BB0AAB70089BF7E /* AnimationData.cpp */ = {isa = PBXFileReference; fileEncoding = 4; lastKnownFileType = sourcecode.cpp.cpp; path = AnimationData.cpp; sourceTree = "<group>"; };
		9B01FF2C2BB0AAC20089BF7E /* Bone.h */ = {isa = PBXFileReference; fileEncoding = 4; lastKnownFileType = sourcecode.c.h; path = Bone.h; sourceTree = "<group>"; };
		9B01FF2D2BB0AAC20089BF7E /* Bone.cpp */ = {isa = PBXFileReference; fileEncoding = 4; lastKnownFileType = sourcecode.cpp.cpp; path = Bone.cpp; sourceTree = "<group>"; };
		9B01FF2F2BB0B8C90089BF7E /* AnimationComponent.cpp */ = {isa = PBXFileReference; fileEncoding = 4; lastKnownFileType = sourcecode.cpp.cpp; path = AnimationComponent.cpp; sourceTree = "<group>"; };
		9B01FF302BB0B8C90089BF7E /* AnimationComponent.h */ = {isa = PBXFileReference; fileEncoding = 4; lastKnownFileType = sourcecode.c.h; path = AnimationComponent.h; sourceTree = "<group>"; };
		9B0623D82BA75AE700F61D56 /* EkAudio.cpp */ = {isa = PBXFileReference; lastKnownFileType = sourcecode.cpp.cpp; path = EkAudio.cpp; sourceTree = "<group>"; };
		9B0623D92BA75AE700F61D56 /* EkAudio.hpp */ = {isa = PBXFileReference; lastKnownFileType = sourcecode.cpp.h; path = EkAudio.hpp; sourceTree = "<group>"; };
		9B0623DE2BA7699D00F61D56 /* libsfml-audio.2.6.1.dylib */ = {isa = PBXFileReference; lastKnownFileType = "compiled.mach-o.dylib"; name = "libsfml-audio.2.6.1.dylib"; path = "Externals/libraries/libsfml-audio.2.6.1.dylib"; sourceTree = "<group>"; };
		9B0623EA2BA76CF500F61D56 /* libsfml-system.2.6.1.dylib */ = {isa = PBXFileReference; lastKnownFileType = "compiled.mach-o.dylib"; name = "libsfml-system.2.6.1.dylib"; path = "Externals/libraries/libsfml-system.2.6.1.dylib"; sourceTree = "<group>"; };
		9B0623ED2BA76D2200F61D56 /* libsfml-system.2.6.dylib */ = {isa = PBXFileReference; lastKnownFileType = "compiled.mach-o.dylib"; name = "libsfml-system.2.6.dylib"; path = "Externals/libraries/libsfml-system.2.6.dylib"; sourceTree = "<group>"; };
		9B0623EE2BA76D2200F61D56 /* libsfml-audio.2.6.dylib */ = {isa = PBXFileReference; lastKnownFileType = "compiled.mach-o.dylib"; name = "libsfml-audio.2.6.dylib"; path = "Externals/libraries/libsfml-audio.2.6.dylib"; sourceTree = "<group>"; };
		9B0623EF2BA76D2200F61D56 /* libsfml-audio.dylib */ = {isa = PBXFileReference; lastKnownFileType = "compiled.mach-o.dylib"; name = "libsfml-audio.dylib"; path = "Externals/libraries/libsfml-audio.dylib"; sourceTree = "<group>"; };
		9B0623F02BA76D2200F61D56 /* libsfml-system.dylib */ = {isa = PBXFileReference; lastKnownFileType = "compiled.mach-o.dylib"; name = "libsfml-system.dylib"; path = "Externals/libraries/libsfml-system.dylib"; sourceTree = "<group>"; };
		9B0623F52BA76D8000F61D56 /* freetype.framework */ = {isa = PBXFileReference; lastKnownFileType = wrapper.framework; name = freetype.framework; path = Externals/Frameworks/freetype.framework; sourceTree = "<group>"; };
		9B0623F62BA76D8000F61D56 /* vorbis.framework */ = {isa = PBXFileReference; lastKnownFileType = wrapper.framework; name = vorbis.framework; path = Externals/Frameworks/vorbis.framework; sourceTree = "<group>"; };
		9B0623F72BA76D8000F61D56 /* vorbisenc.framework */ = {isa = PBXFileReference; lastKnownFileType = wrapper.framework; name = vorbisenc.framework; path = Externals/Frameworks/vorbisenc.framework; sourceTree = "<group>"; };
		9B0623F82BA76D8000F61D56 /* vorbisfile.framework */ = {isa = PBXFileReference; lastKnownFileType = wrapper.framework; name = vorbisfile.framework; path = Externals/Frameworks/vorbisfile.framework; sourceTree = "<group>"; };
		9B0623F92BA76D8000F61D56 /* FLAC.framework */ = {isa = PBXFileReference; lastKnownFileType = wrapper.framework; name = FLAC.framework; path = Externals/Frameworks/FLAC.framework; sourceTree = "<group>"; };
		9B0623FA2BA76D8000F61D56 /* ogg.framework */ = {isa = PBXFileReference; lastKnownFileType = wrapper.framework; name = ogg.framework; path = Externals/Frameworks/ogg.framework; sourceTree = "<group>"; };
		9B094A2C2A4CED6A00F26182 /* GLModel.cpp */ = {isa = PBXFileReference; lastKnownFileType = sourcecode.cpp.cpp; path = GLModel.cpp; sourceTree = "<group>"; };
		9B094A2D2A4CED6A00F26182 /* GLModel.hpp */ = {isa = PBXFileReference; lastKnownFileType = sourcecode.cpp.h; path = GLModel.hpp; sourceTree = "<group>"; };
		9B094A302A51FC3200F26182 /* SceneHelper.cpp */ = {isa = PBXFileReference; lastKnownFileType = sourcecode.cpp.cpp; path = SceneHelper.cpp; sourceTree = "<group>"; };
		9B094A312A51FC3200F26182 /* SceneHelper.hpp */ = {isa = PBXFileReference; lastKnownFileType = sourcecode.cpp.h; path = SceneHelper.hpp; sourceTree = "<group>"; };
		9B09865C2BB9BD300015CE77 /* ICamera.cpp */ = {isa = PBXFileReference; lastKnownFileType = sourcecode.cpp.cpp; path = ICamera.cpp; sourceTree = "<group>"; };
		9B09865D2BB9BD300015CE77 /* ICamera.hpp */ = {isa = PBXFileReference; lastKnownFileType = sourcecode.cpp.h; path = ICamera.hpp; sourceTree = "<group>"; };
		9B09865F2BB9CE0B0015CE77 /* SceneDebugger.cpp */ = {isa = PBXFileReference; lastKnownFileType = sourcecode.cpp.cpp; path = SceneDebugger.cpp; sourceTree = "<group>"; };
		9B0986602BB9CE0B0015CE77 /* SceneDebugger.hpp */ = {isa = PBXFileReference; lastKnownFileType = sourcecode.cpp.h; path = SceneDebugger.hpp; sourceTree = "<group>"; };
		9B1051212B4CA91600C2914D /* OpenAL.framework */ = {isa = PBXFileReference; lastKnownFileType = wrapper.framework; name = OpenAL.framework; path = System/Library/Frameworks/OpenAL.framework; sourceTree = SDKROOT; };
		9B18B1F72B5D976100A3226B /* Framebuffer.cpp */ = {isa = PBXFileReference; fileEncoding = 4; lastKnownFileType = sourcecode.cpp.cpp; path = Framebuffer.cpp; sourceTree = "<group>"; };
		9B18B1F82B5D976200A3226B /* RenderPass.hpp */ = {isa = PBXFileReference; fileEncoding = 4; lastKnownFileType = sourcecode.cpp.h; path = RenderPass.hpp; sourceTree = "<group>"; };
		9B18B1F92B5D976200A3226B /* Framebuffer.hpp */ = {isa = PBXFileReference; fileEncoding = 4; lastKnownFileType = sourcecode.cpp.h; path = Framebuffer.hpp; sourceTree = "<group>"; };
		9B18B1FA2B5D976200A3226B /* RenderPass.cpp */ = {isa = PBXFileReference; fileEncoding = 4; lastKnownFileType = sourcecode.cpp.cpp; path = RenderPass.cpp; sourceTree = "<group>"; };
		9B1E9DD82B4D36E6004E1E5E /* VehiclePhysicsDemo.cpp */ = {isa = PBXFileReference; lastKnownFileType = sourcecode.cpp.cpp; path = VehiclePhysicsDemo.cpp; sourceTree = "<group>"; };
		9B1E9DD92B4D36E6004E1E5E /* VehiclePhysicsDemo.hpp */ = {isa = PBXFileReference; lastKnownFileType = sourcecode.cpp.h; path = VehiclePhysicsDemo.hpp; sourceTree = "<group>"; };
		9B2244702BB3AD130031713C /* libassimpd.5.3.0.dylib */ = {isa = PBXFileReference; lastKnownFileType = "compiled.mach-o.dylib"; name = libassimpd.5.3.0.dylib; path = Externals/libraries/libassimpd.5.3.0.dylib; sourceTree = "<group>"; };
		9B2244732BB3AD370031713C /* libassimpd.5.dylib */ = {isa = PBXFileReference; lastKnownFileType = "compiled.mach-o.dylib"; name = libassimpd.5.dylib; path = Externals/libraries/libassimpd.5.dylib; sourceTree = "<group>"; };
		9B2244742BB3AD370031713C /* libassimpd.dylib */ = {isa = PBXFileReference; lastKnownFileType = "compiled.mach-o.dylib"; name = libassimpd.dylib; path = Externals/libraries/libassimpd.dylib; sourceTree = "<group>"; };
		9B2B0A332A14242600A9FF3F /* MainEntryScene.cpp */ = {isa = PBXFileReference; fileEncoding = 4; lastKnownFileType = sourcecode.cpp.cpp; path = MainEntryScene.cpp; sourceTree = "<group>"; };
		9B2B0A382A1424A100A9FF3F /* MainEntryScene.hpp */ = {isa = PBXFileReference; fileEncoding = 4; lastKnownFileType = sourcecode.cpp.h; path = MainEntryScene.hpp; sourceTree = "<group>"; };
		9B2B47582B9EED6600CCEE31 /* Frustum.h */ = {isa = PBXFileReference; fileEncoding = 4; lastKnownFileType = sourcecode.c.h; path = Frustum.h; sourceTree = "<group>"; };
		9B2B47592B9EED6600CCEE31 /* Frustum.cpp */ = {isa = PBXFileReference; fileEncoding = 4; lastKnownFileType = sourcecode.cpp.cpp; path = Frustum.cpp; sourceTree = "<group>"; };
		9B2B475B2B9EED7100CCEE31 /* BoundingVolume.h */ = {isa = PBXFileReference; fileEncoding = 4; lastKnownFileType = sourcecode.c.h; path = BoundingVolume.h; sourceTree = "<group>"; };
		9B2B475C2B9EED7100CCEE31 /* BoundingVolume.cpp */ = {isa = PBXFileReference; fileEncoding = 4; lastKnownFileType = sourcecode.cpp.cpp; path = BoundingVolume.cpp; sourceTree = "<group>"; };
		9B312DBE2A20B45400A9AAFB /* Director.cpp */ = {isa = PBXFileReference; lastKnownFileType = sourcecode.cpp.cpp; path = Director.cpp; sourceTree = "<group>"; };
		9B312DBF2A20B45400A9AAFB /* Director.hpp */ = {isa = PBXFileReference; lastKnownFileType = sourcecode.cpp.h; path = Director.hpp; sourceTree = "<group>"; };
		9B33237E2B4DEEEB00552DE0 /* ForceFeedback.framework */ = {isa = PBXFileReference; lastKnownFileType = wrapper.framework; name = ForceFeedback.framework; path = System/Library/Frameworks/ForceFeedback.framework; sourceTree = SDKROOT; };
		9B40CEE62A2201C10055FD47 /* GLMesh.cpp */ = {isa = PBXFileReference; lastKnownFileType = sourcecode.cpp.cpp; path = GLMesh.cpp; sourceTree = "<group>"; };
		9B40CEE72A2201C10055FD47 /* GLMesh.hpp */ = {isa = PBXFileReference; lastKnownFileType = sourcecode.cpp.h; path = GLMesh.hpp; sourceTree = "<group>"; };
		9B40CEE92A2220B00055FD47 /* Main.cpp */ = {isa = PBXFileReference; lastKnownFileType = sourcecode.cpp.cpp; path = Main.cpp; sourceTree = "<group>"; };
		9B4B65732A24CA6D00C5CFB9 /* Asset.h */ = {isa = PBXFileReference; lastKnownFileType = sourcecode.c.h; path = Asset.h; sourceTree = "<group>"; };
		9B4B7BC42A485DC7009C122B /* DebugRenderer.cpp */ = {isa = PBXFileReference; lastKnownFileType = sourcecode.cpp.cpp; path = DebugRenderer.cpp; sourceTree = "<group>"; };
		9B4B7BC52A485DC7009C122B /* DebugRenderer.hpp */ = {isa = PBXFileReference; lastKnownFileType = sourcecode.cpp.h; path = DebugRenderer.hpp; sourceTree = "<group>"; };
		9B4BA1102A4A1DFF00380ED4 /* CarSuspension.cpp */ = {isa = PBXFileReference; lastKnownFileType = sourcecode.cpp.cpp; path = CarSuspension.cpp; sourceTree = "<group>"; };
		9B4BA1112A4A1DFF00380ED4 /* CarSuspension.hpp */ = {isa = PBXFileReference; lastKnownFileType = sourcecode.cpp.h; path = CarSuspension.hpp; sourceTree = "<group>"; };
		9B4C5C872A535E0A00432642 /* libassimp.5.2.4.dylib */ = {isa = PBXFileReference; lastKnownFileType = "compiled.mach-o.dylib"; name = libassimp.5.2.4.dylib; path = Externals/libraries/libassimp.5.2.4.dylib; sourceTree = "<group>"; };
		9B4F71CE2BBA063C00ADAF54 /* SpringFolllowCamera.cpp */ = {isa = PBXFileReference; fileEncoding = 4; lastKnownFileType = sourcecode.cpp.cpp; path = SpringFolllowCamera.cpp; sourceTree = "<group>"; };
		9B4F71CF2BBA063C00ADAF54 /* SpringFolllowCamera.h */ = {isa = PBXFileReference; fileEncoding = 4; lastKnownFileType = sourcecode.c.h; path = SpringFolllowCamera.h; sourceTree = "<group>"; };
		9B5023CB2A3E1351003A9C8E /* MaterialInfo.h */ = {isa = PBXFileReference; lastKnownFileType = sourcecode.c.h; path = MaterialInfo.h; sourceTree = "<group>"; };
		9B5023E52A3E5E78003A9C8E /* Collider.h */ = {isa = PBXFileReference; fileEncoding = 4; lastKnownFileType = sourcecode.c.h; path = Collider.h; sourceTree = "<group>"; };
		9B5023E82A3E5E78003A9C8E /* EkBody.cpp */ = {isa = PBXFileReference; fileEncoding = 4; lastKnownFileType = sourcecode.cpp.cpp; path = EkBody.cpp; sourceTree = "<group>"; };
		9B5023E92A3E5E78003A9C8E /* EkBody.h */ = {isa = PBXFileReference; fileEncoding = 4; lastKnownFileType = sourcecode.c.h; path = EkBody.h; sourceTree = "<group>"; };
		9B5023EC2A3E5E78003A9C8E /* PhysicsWorld.cpp */ = {isa = PBXFileReference; fileEncoding = 4; lastKnownFileType = sourcecode.cpp.cpp; path = PhysicsWorld.cpp; sourceTree = "<group>"; };
		9B5023ED2A3E5E78003A9C8E /* PhysicsWorld.h */ = {isa = PBXFileReference; fileEncoding = 4; lastKnownFileType = sourcecode.c.h; path = PhysicsWorld.h; sourceTree = "<group>"; };
		9B5023EE2A3E5E78003A9C8E /* Collider.cpp */ = {isa = PBXFileReference; fileEncoding = 4; lastKnownFileType = sourcecode.cpp.cpp; path = Collider.cpp; sourceTree = "<group>"; };
		9B52036F2D25CFCA007657F2 /* ComponentIds.h */ = {isa = PBXFileReference; lastKnownFileType = sourcecode.c.h; path = ComponentIds.h; sourceTree = "<group>"; };
		9B5203722D2630BB007657F2 /* Constraint.h */ = {isa = PBXFileReference; fileEncoding = 4; lastKnownFileType = sourcecode.c.h; path = Constraint.h; sourceTree = "<group>"; };
		9B5E65B42A18D41D00A2C5A3 /* EkComponent.cpp */ = {isa = PBXFileReference; lastKnownFileType = sourcecode.cpp.cpp; path = EkComponent.cpp; sourceTree = "<group>"; };
		9B5E65B52A18D41D00A2C5A3 /* EkComponent.hpp */ = {isa = PBXFileReference; lastKnownFileType = sourcecode.cpp.h; path = EkComponent.hpp; sourceTree = "<group>"; };
		9B5E65B72A18D79C00A2C5A3 /* EkUtils.cpp */ = {isa = PBXFileReference; lastKnownFileType = sourcecode.cpp.cpp; path = EkUtils.cpp; sourceTree = "<group>"; };
		9B5E65B82A18D79C00A2C5A3 /* EkUtils.hpp */ = {isa = PBXFileReference; lastKnownFileType = sourcecode.cpp.h; path = EkUtils.hpp; sourceTree = "<group>"; };
		9B5F46932A1A6C0B00CCB41F /* RenderComponent.cpp */ = {isa = PBXFileReference; lastKnownFileType = sourcecode.cpp.cpp; path = RenderComponent.cpp; sourceTree = "<group>"; };
		9B5F46942A1A6C0B00CCB41F /* RenderComponent.hpp */ = {isa = PBXFileReference; lastKnownFileType = sourcecode.cpp.h; path = RenderComponent.hpp; sourceTree = "<group>"; };
		9B655ADF2B587CFF00A259D4 /* CarComponent.cpp */ = {isa = PBXFileReference; lastKnownFileType = sourcecode.cpp.cpp; path = CarComponent.cpp; sourceTree = "<group>"; };
		9B655AE02B587CFF00A259D4 /* CarComponent.hpp */ = {isa = PBXFileReference; lastKnownFileType = sourcecode.cpp.h; path = CarComponent.hpp; sourceTree = "<group>"; };
		9B8202662BBB51C9001416CE /* FPSDemo.cpp */ = {isa = PBXFileReference; fileEncoding = 4; lastKnownFileType = sourcecode.cpp.cpp; path = FPSDemo.cpp; sourceTree = "<group>"; };
		9B8202672BBB51C9001416CE /* FPSDemo.hpp */ = {isa = PBXFileReference; fileEncoding = 4; lastKnownFileType = sourcecode.cpp.h; path = FPSDemo.hpp; sourceTree = "<group>"; };
		9B88A09A2BA7466400E9BA5C /* ThreadLocalPtr.inl */ = {isa = PBXFileReference; lastKnownFileType = text; path = ThreadLocalPtr.inl; sourceTree = "<group>"; };
		9B88A09B2BA7466400E9BA5C /* Utf.hpp */ = {isa = PBXFileReference; lastKnownFileType = sourcecode.cpp.h; path = Utf.hpp; sourceTree = "<group>"; };
		9B88A09C2BA7466400E9BA5C /* Lock.hpp */ = {isa = PBXFileReference; lastKnownFileType = sourcecode.cpp.h; path = Lock.hpp; sourceTree = "<group>"; };
		9B88A09D2BA7466400E9BA5C /* Sleep.hpp */ = {isa = PBXFileReference; lastKnownFileType = sourcecode.cpp.h; path = Sleep.hpp; sourceTree = "<group>"; };
		9B88A09E2BA7466400E9BA5C /* Time.hpp */ = {isa = PBXFileReference; lastKnownFileType = sourcecode.cpp.h; path = Time.hpp; sourceTree = "<group>"; };
		9B88A09F2BA7466400E9BA5C /* Export.hpp */ = {isa = PBXFileReference; lastKnownFileType = sourcecode.cpp.h; path = Export.hpp; sourceTree = "<group>"; };
		9B88A0A02BA7466400E9BA5C /* Utf.inl */ = {isa = PBXFileReference; lastKnownFileType = text; path = Utf.inl; sourceTree = "<group>"; };
		9B88A0A12BA7466400E9BA5C /* ThreadLocalPtr.hpp */ = {isa = PBXFileReference; lastKnownFileType = sourcecode.cpp.h; path = ThreadLocalPtr.hpp; sourceTree = "<group>"; };
		9B88A0A22BA7466400E9BA5C /* MemoryInputStream.hpp */ = {isa = PBXFileReference; lastKnownFileType = sourcecode.cpp.h; path = MemoryInputStream.hpp; sourceTree = "<group>"; };
		9B88A0A32BA7466400E9BA5C /* Vector2.inl */ = {isa = PBXFileReference; lastKnownFileType = text; path = Vector2.inl; sourceTree = "<group>"; };
		9B88A0A42BA7466400E9BA5C /* InputStream.hpp */ = {isa = PBXFileReference; lastKnownFileType = sourcecode.cpp.h; path = InputStream.hpp; sourceTree = "<group>"; };
		9B88A0A52BA7466400E9BA5C /* Vector3.inl */ = {isa = PBXFileReference; lastKnownFileType = text; path = Vector3.inl; sourceTree = "<group>"; };
		9B88A0A62BA7466400E9BA5C /* FileInputStream.hpp */ = {isa = PBXFileReference; lastKnownFileType = sourcecode.cpp.h; path = FileInputStream.hpp; sourceTree = "<group>"; };
		9B88A0A72BA7466400E9BA5C /* Clock.hpp */ = {isa = PBXFileReference; lastKnownFileType = sourcecode.cpp.h; path = Clock.hpp; sourceTree = "<group>"; };
		9B88A0A82BA7466400E9BA5C /* String.hpp */ = {isa = PBXFileReference; lastKnownFileType = sourcecode.cpp.h; path = String.hpp; sourceTree = "<group>"; };
		9B88A0A92BA7466400E9BA5C /* ThreadLocal.hpp */ = {isa = PBXFileReference; lastKnownFileType = sourcecode.cpp.h; path = ThreadLocal.hpp; sourceTree = "<group>"; };
		9B88A0AA2BA7466400E9BA5C /* Thread.inl */ = {isa = PBXFileReference; lastKnownFileType = text; path = Thread.inl; sourceTree = "<group>"; };
		9B88A0AB2BA7466400E9BA5C /* String.inl */ = {isa = PBXFileReference; lastKnownFileType = text; path = String.inl; sourceTree = "<group>"; };
		9B88A0AC2BA7466400E9BA5C /* Mutex.hpp */ = {isa = PBXFileReference; lastKnownFileType = sourcecode.cpp.h; path = Mutex.hpp; sourceTree = "<group>"; };
		9B88A0AD2BA7466400E9BA5C /* Thread.hpp */ = {isa = PBXFileReference; lastKnownFileType = sourcecode.cpp.h; path = Thread.hpp; sourceTree = "<group>"; };
		9B88A0AE2BA7466400E9BA5C /* Err.hpp */ = {isa = PBXFileReference; lastKnownFileType = sourcecode.cpp.h; path = Err.hpp; sourceTree = "<group>"; };
		9B88A0AF2BA7466400E9BA5C /* NativeActivity.hpp */ = {isa = PBXFileReference; lastKnownFileType = sourcecode.cpp.h; path = NativeActivity.hpp; sourceTree = "<group>"; };
		9B88A0B02BA7466400E9BA5C /* Vector3.hpp */ = {isa = PBXFileReference; lastKnownFileType = sourcecode.cpp.h; path = Vector3.hpp; sourceTree = "<group>"; };
		9B88A0B12BA7466400E9BA5C /* NonCopyable.hpp */ = {isa = PBXFileReference; lastKnownFileType = sourcecode.cpp.h; path = NonCopyable.hpp; sourceTree = "<group>"; };
		9B88A0B22BA7466400E9BA5C /* Vector2.hpp */ = {isa = PBXFileReference; lastKnownFileType = sourcecode.cpp.h; path = Vector2.hpp; sourceTree = "<group>"; };
		9B88A0B42BA7466400E9BA5C /* SoundFileReader.hpp */ = {isa = PBXFileReference; lastKnownFileType = sourcecode.cpp.h; path = SoundFileReader.hpp; sourceTree = "<group>"; };
		9B88A0B52BA7466400E9BA5C /* SoundBuffer.hpp */ = {isa = PBXFileReference; lastKnownFileType = sourcecode.cpp.h; path = SoundBuffer.hpp; sourceTree = "<group>"; };
		9B88A0B62BA7466400E9BA5C /* Music.hpp */ = {isa = PBXFileReference; lastKnownFileType = sourcecode.cpp.h; path = Music.hpp; sourceTree = "<group>"; };
		9B88A0B72BA7466400E9BA5C /* Export.hpp */ = {isa = PBXFileReference; lastKnownFileType = sourcecode.cpp.h; path = Export.hpp; sourceTree = "<group>"; };
		9B88A0B82BA7466400E9BA5C /* SoundFileWriter.hpp */ = {isa = PBXFileReference; lastKnownFileType = sourcecode.cpp.h; path = SoundFileWriter.hpp; sourceTree = "<group>"; };
		9B88A0B92BA7466400E9BA5C /* Sound.hpp */ = {isa = PBXFileReference; lastKnownFileType = sourcecode.cpp.h; path = Sound.hpp; sourceTree = "<group>"; };
		9B88A0BA2BA7466400E9BA5C /* Listener.hpp */ = {isa = PBXFileReference; lastKnownFileType = sourcecode.cpp.h; path = Listener.hpp; sourceTree = "<group>"; };
		9B88A0BB2BA7466400E9BA5C /* SoundSource.hpp */ = {isa = PBXFileReference; lastKnownFileType = sourcecode.cpp.h; path = SoundSource.hpp; sourceTree = "<group>"; };
		9B88A0BC2BA7466400E9BA5C /* InputSoundFile.hpp */ = {isa = PBXFileReference; lastKnownFileType = sourcecode.cpp.h; path = InputSoundFile.hpp; sourceTree = "<group>"; };
		9B88A0BD2BA7466400E9BA5C /* SoundFileFactory.inl */ = {isa = PBXFileReference; lastKnownFileType = text; path = SoundFileFactory.inl; sourceTree = "<group>"; };
		9B88A0BE2BA7466400E9BA5C /* SoundBufferRecorder.hpp */ = {isa = PBXFileReference; lastKnownFileType = sourcecode.cpp.h; path = SoundBufferRecorder.hpp; sourceTree = "<group>"; };
		9B88A0BF2BA7466400E9BA5C /* SoundRecorder.hpp */ = {isa = PBXFileReference; lastKnownFileType = sourcecode.cpp.h; path = SoundRecorder.hpp; sourceTree = "<group>"; };
		9B88A0C02BA7466400E9BA5C /* AlResource.hpp */ = {isa = PBXFileReference; lastKnownFileType = sourcecode.cpp.h; path = AlResource.hpp; sourceTree = "<group>"; };
		9B88A0C12BA7466400E9BA5C /* SoundStream.hpp */ = {isa = PBXFileReference; lastKnownFileType = sourcecode.cpp.h; path = SoundStream.hpp; sourceTree = "<group>"; };
		9B88A0C22BA7466400E9BA5C /* SoundFileFactory.hpp */ = {isa = PBXFileReference; lastKnownFileType = sourcecode.cpp.h; path = SoundFileFactory.hpp; sourceTree = "<group>"; };
		9B88A0C32BA7466400E9BA5C /* OutputSoundFile.hpp */ = {isa = PBXFileReference; lastKnownFileType = sourcecode.cpp.h; path = OutputSoundFile.hpp; sourceTree = "<group>"; };
		9B88A0C42BA7466400E9BA5C /* Audio.hpp */ = {isa = PBXFileReference; lastKnownFileType = sourcecode.cpp.h; path = Audio.hpp; sourceTree = "<group>"; };
		9B88A0C52BA7478800E9BA5C /* Config.hpp */ = {isa = PBXFileReference; lastKnownFileType = sourcecode.cpp.h; path = Config.hpp; sourceTree = "<group>"; };
		9B88A0C72BA7478800E9BA5C /* System.hpp */ = {isa = PBXFileReference; lastKnownFileType = sourcecode.cpp.h; path = System.hpp; sourceTree = "<group>"; };
		9B99C9882D26F4FD00091763 /* ContactGenerator.h */ = {isa = PBXFileReference; lastKnownFileType = sourcecode.c.h; path = ContactGenerator.h; sourceTree = "<group>"; };
		9B99C9892D26F51300091763 /* ContactGenerator.cpp */ = {isa = PBXFileReference; lastKnownFileType = sourcecode.cpp.cpp; path = ContactGenerator.cpp; sourceTree = "<group>"; };
		9B99C98C2D26F71400091763 /* ContactConstraint.cpp */ = {isa = PBXFileReference; lastKnownFileType = sourcecode.cpp.cpp; path = ContactConstraint.cpp; sourceTree = "<group>"; };
		9B99C98D2D26F71400091763 /* ContactConstraint.h */ = {isa = PBXFileReference; lastKnownFileType = sourcecode.c.h; path = ContactConstraint.h; sourceTree = "<group>"; };
		9B99C98F2D27165900091763 /* CollisionSystem.cpp */ = {isa = PBXFileReference; lastKnownFileType = sourcecode.cpp.cpp; path = CollisionSystem.cpp; sourceTree = "<group>"; };
		9B99C9902D27165900091763 /* CollisionSystem.h */ = {isa = PBXFileReference; lastKnownFileType = sourcecode.c.h; path = CollisionSystem.h; sourceTree = "<group>"; };
		9BD626742A1A0BBA009AEA3F /* FreeLookCamera.cpp */ = {isa = PBXFileReference; fileEncoding = 4; lastKnownFileType = sourcecode.cpp.cpp; path = FreeLookCamera.cpp; sourceTree = "<group>"; };
		9BD626752A1A0BBA009AEA3F /* FreeLookCamera.h */ = {isa = PBXFileReference; fileEncoding = 4; lastKnownFileType = sourcecode.c.h; path = FreeLookCamera.h; sourceTree = "<group>"; };
		9BD626772A1A1621009AEA3F /* EkActor.h */ = {isa = PBXFileReference; fileEncoding = 4; lastKnownFileType = sourcecode.c.h; path = EkActor.h; sourceTree = "<group>"; };
		9BD626782A1A1621009AEA3F /* EkActor.cpp */ = {isa = PBXFileReference; fileEncoding = 4; lastKnownFileType = sourcecode.cpp.cpp; path = EkActor.cpp; sourceTree = "<group>"; };
		9BE188F32A2CCD15005A4971 /* glm */ = {isa = PBXFileReference; lastKnownFileType = folder; path = glm; sourceTree = "<group>"; };
		9BE188F42A2CCF81005A4971 /* image_DXT.h */ = {isa = PBXFileReference; lastKnownFileType = sourcecode.c.h; path = image_DXT.h; sourceTree = "<group>"; };
		9BE188F52A2CCF81005A4971 /* stb_image_aug.h */ = {isa = PBXFileReference; lastKnownFileType = sourcecode.c.h; path = stb_image_aug.h; sourceTree = "<group>"; };
		9BE188F62A2CCF81005A4971 /* SOIL.h */ = {isa = PBXFileReference; lastKnownFileType = sourcecode.c.h; path = SOIL.h; sourceTree = "<group>"; };
		9BE188F72A2CCF81005A4971 /* stbi_DDS_aug.h */ = {isa = PBXFileReference; lastKnownFileType = sourcecode.c.h; path = stbi_DDS_aug.h; sourceTree = "<group>"; };
		9BE188F82A2CCF81005A4971 /* image_helper.h */ = {isa = PBXFileReference; lastKnownFileType = sourcecode.c.h; path = image_helper.h; sourceTree = "<group>"; };
		9BE188F92A2CCF81005A4971 /* stbi_DDS_aug_c.h */ = {isa = PBXFileReference; lastKnownFileType = sourcecode.c.h; path = stbi_DDS_aug_c.h; sourceTree = "<group>"; };
		9BE189102A2CD0E9005A4971 /* SOIL.h */ = {isa = PBXFileReference; fileEncoding = 4; lastKnownFileType = sourcecode.c.h; path = SOIL.h; sourceTree = "<group>"; };
		9BE189112A2CD0E9005A4971 /* stb_image_aug.c */ = {isa = PBXFileReference; fileEncoding = 4; lastKnownFileType = sourcecode.c.c; path = stb_image_aug.c; sourceTree = "<group>"; };
		9BE189122A2CD0E9005A4971 /* stb_image_aug.h */ = {isa = PBXFileReference; fileEncoding = 4; lastKnownFileType = sourcecode.c.h; path = stb_image_aug.h; sourceTree = "<group>"; };
		9BE189132A2CD0E9005A4971 /* stb_image.h */ = {isa = PBXFileReference; fileEncoding = 4; lastKnownFileType = sourcecode.c.h; path = stb_image.h; sourceTree = "<group>"; };
		9BE189142A2CD0E9005A4971 /* image_DXT.h */ = {isa = PBXFileReference; fileEncoding = 4; lastKnownFileType = sourcecode.c.h; path = image_DXT.h; sourceTree = "<group>"; };
		9BE189152A2CD0E9005A4971 /* image_helper.h */ = {isa = PBXFileReference; fileEncoding = 4; lastKnownFileType = sourcecode.c.h; path = image_helper.h; sourceTree = "<group>"; };
		9BE189162A2CD0E9005A4971 /* image_DXT.c */ = {isa = PBXFileReference; fileEncoding = 4; lastKnownFileType = sourcecode.c.c; path = image_DXT.c; sourceTree = "<group>"; };
		9BE189172A2CD0E9005A4971 /* SOIL.c */ = {isa = PBXFileReference; fileEncoding = 4; lastKnownFileType = sourcecode.c.c; path = SOIL.c; sourceTree = "<group>"; };
		9BE189182A2CD0E9005A4971 /* image_helper.c */ = {isa = PBXFileReference; fileEncoding = 4; lastKnownFileType = sourcecode.c.c; path = image_helper.c; sourceTree = "<group>"; };
		9BF6E8042BA8F6FA00179E95 /* SkeletalAnimationDemo.hpp */ = {isa = PBXFileReference; fileEncoding = 4; lastKnownFileType = sourcecode.cpp.h; path = SkeletalAnimationDemo.hpp; sourceTree = "<group>"; };
		9BF6E8052BA8F6FA00179E95 /* SkeletalAnimationDemo.cpp */ = {isa = PBXFileReference; fileEncoding = 4; lastKnownFileType = sourcecode.cpp.cpp; path = SkeletalAnimationDemo.cpp; sourceTree = "<group>"; };
		9BF949142C3A72B4001BA567 /* StackOfBoxesDemo.cpp */ = {isa = PBXFileReference; fileEncoding = 4; lastKnownFileType = sourcecode.cpp.cpp; name = StackOfBoxesDemo.cpp; path = Demos/StackOfBoxes/StackOfBoxesDemo.cpp; sourceTree = SOURCE_ROOT; };
		9BF949152C3A72B4001BA567 /* StackOfBoxesDemo.hpp */ = {isa = PBXFileReference; fileEncoding = 4; lastKnownFileType = sourcecode.cpp.h; name = StackOfBoxesDemo.hpp; path = Demos/StackOfBoxes/StackOfBoxesDemo.hpp; sourceTree = SOURCE_ROOT; };
		9F0273E1281C430100CE30A9 /* EklavyaEngine */ = {isa = PBXFileReference; explicitFileType = "compiled.mach-o.executable"; includeInIndex = 0; path = EklavyaEngine; sourceTree = BUILT_PRODUCTS_DIR; };
		9F0273EE281C4BBD00CE30A9 /* libglfw3.a */ = {isa = PBXFileReference; lastKnownFileType = archive.ar; path = libglfw3.a; sourceTree = "<group>"; };
		9F0273F0281C4BC900CE30A9 /* GLFW */ = {isa = PBXFileReference; lastKnownFileType = folder; path = GLFW; sourceTree = "<group>"; };
		9F0273F1281C4C5200CE30A9 /* GLFW */ = {isa = PBXFileReference; lastKnownFileType = folder; path = GLFW; sourceTree = "<group>"; };
		9F0273F2281C4C5200CE30A9 /* KHR */ = {isa = PBXFileReference; lastKnownFileType = folder; path = KHR; sourceTree = "<group>"; };
		9F0273F6281C4E3800CE30A9 /* Cocoa.framework */ = {isa = PBXFileReference; lastKnownFileType = wrapper.framework; name = Cocoa.framework; path = System/Library/Frameworks/Cocoa.framework; sourceTree = SDKROOT; };
		9F0273F8281C4E3D00CE30A9 /* OpenGL.framework */ = {isa = PBXFileReference; lastKnownFileType = wrapper.framework; name = OpenGL.framework; path = System/Library/Frameworks/OpenGL.framework; sourceTree = SDKROOT; };
		9F0273FA281C4E4E00CE30A9 /* IOKit.framework */ = {isa = PBXFileReference; lastKnownFileType = wrapper.framework; name = IOKit.framework; path = System/Library/Frameworks/IOKit.framework; sourceTree = SDKROOT; };
		9F125BFF281E5FB700D58989 /* libirrKlang.a */ = {isa = PBXFileReference; lastKnownFileType = archive.ar; path = libirrKlang.a; sourceTree = "<group>"; };
		9F125C32281E793C00D58989 /* AppKit.framework */ = {isa = PBXFileReference; lastKnownFileType = wrapper.framework; name = AppKit.framework; path = System/Library/Frameworks/AppKit.framework; sourceTree = SDKROOT; };
		9F382F98281D43AC0033FCE1 /* Resources */ = {isa = PBXFileReference; lastKnownFileType = folder; path = Resources; sourceTree = "<group>"; };
		9F4F161828D4B879007E7518 /* imgui_impl_opengl3.cpp */ = {isa = PBXFileReference; fileEncoding = 4; lastKnownFileType = sourcecode.cpp.cpp; path = imgui_impl_opengl3.cpp; sourceTree = "<group>"; };
		9F4F161928D4B879007E7518 /* imgui_impl_opengl3.h */ = {isa = PBXFileReference; fileEncoding = 4; lastKnownFileType = sourcecode.c.h; path = imgui_impl_opengl3.h; sourceTree = "<group>"; };
		9F4F161B28D4B8F5007E7518 /* imstb_rectpack.h */ = {isa = PBXFileReference; fileEncoding = 4; lastKnownFileType = sourcecode.c.h; path = imstb_rectpack.h; sourceTree = "<group>"; };
		9F4F161C28D4B8F5007E7518 /* imstb_textedit.h */ = {isa = PBXFileReference; fileEncoding = 4; lastKnownFileType = sourcecode.c.h; path = imstb_textedit.h; sourceTree = "<group>"; };
		9F4F161D28D4B8F5007E7518 /* imstb_truetype.h */ = {isa = PBXFileReference; fileEncoding = 4; lastKnownFileType = sourcecode.c.h; path = imstb_truetype.h; sourceTree = "<group>"; };
		9F4F161E28D4B8F5007E7518 /* imgui_tables.cpp */ = {isa = PBXFileReference; fileEncoding = 4; lastKnownFileType = sourcecode.cpp.cpp; path = imgui_tables.cpp; sourceTree = "<group>"; };
		9F4F161F28D4B8F5007E7518 /* imgui_internal.h */ = {isa = PBXFileReference; fileEncoding = 4; lastKnownFileType = sourcecode.c.h; path = imgui_internal.h; sourceTree = "<group>"; };
		9F4F162028D4B8F5007E7518 /* imgui.cpp */ = {isa = PBXFileReference; fileEncoding = 4; lastKnownFileType = sourcecode.cpp.cpp; path = imgui.cpp; sourceTree = "<group>"; };
		9F4F162128D4B8F5007E7518 /* imgui_widgets.cpp */ = {isa = PBXFileReference; fileEncoding = 4; lastKnownFileType = sourcecode.cpp.cpp; path = imgui_widgets.cpp; sourceTree = "<group>"; };
		9F4F162228D4B8F5007E7518 /* imgui_demo.cpp */ = {isa = PBXFileReference; fileEncoding = 4; lastKnownFileType = sourcecode.cpp.cpp; path = imgui_demo.cpp; sourceTree = "<group>"; };
		9F4F162328D4B8F5007E7518 /* imconfig.h */ = {isa = PBXFileReference; fileEncoding = 4; lastKnownFileType = sourcecode.c.h; path = imconfig.h; sourceTree = "<group>"; };
		9F4F162428D4B8F5007E7518 /* imgui.h */ = {isa = PBXFileReference; fileEncoding = 4; lastKnownFileType = sourcecode.c.h; path = imgui.h; sourceTree = "<group>"; };
		9F4F162528D4B8F5007E7518 /* imgui_draw.cpp */ = {isa = PBXFileReference; fileEncoding = 4; lastKnownFileType = sourcecode.cpp.cpp; path = imgui_draw.cpp; sourceTree = "<group>"; };
		9F4F162B28D4B953007E7518 /* imgui_impl_opengl3_loader.h */ = {isa = PBXFileReference; lastKnownFileType = sourcecode.c.h; path = imgui_impl_opengl3_loader.h; sourceTree = "<group>"; };
		9F4F162C28D4B9EE007E7518 /* imgui_impl_glfw.cpp */ = {isa = PBXFileReference; fileEncoding = 4; lastKnownFileType = sourcecode.cpp.cpp; path = imgui_impl_glfw.cpp; sourceTree = "<group>"; };
		9F4F162D28D4B9EE007E7518 /* imgui_impl_glfw.h */ = {isa = PBXFileReference; fileEncoding = 4; lastKnownFileType = sourcecode.c.h; path = imgui_impl_glfw.h; sourceTree = "<group>"; };
		9FB53D1A2871D912001B48E4 /* assimp */ = {isa = PBXFileReference; lastKnownFileType = folder; path = assimp; sourceTree = "<group>"; };
		9FB53D232871DC3D001B48E4 /* libassimp.3.dylib */ = {isa = PBXFileReference; lastKnownFileType = "compiled.mach-o.dylib"; path = libassimp.3.dylib; sourceTree = "<group>"; };
		9FB53DFC2871E82F001B48E4 /* TransformComponent.cpp */ = {isa = PBXFileReference; fileEncoding = 4; lastKnownFileType = sourcecode.cpp.cpp; path = TransformComponent.cpp; sourceTree = "<group>"; };
		9FB53DFD2871E82F001B48E4 /* TransformComponent.h */ = {isa = PBXFileReference; fileEncoding = 4; lastKnownFileType = sourcecode.c.h; path = TransformComponent.h; sourceTree = "<group>"; xcLanguageSpecificationIdentifier = xcode.lang.cpp; };
		9FB53E0B2871E82F001B48E4 /* EkScene.cpp */ = {isa = PBXFileReference; fileEncoding = 4; lastKnownFileType = sourcecode.cpp.cpp; path = EkScene.cpp; sourceTree = "<group>"; };
		9FB53E292871E82F001B48E4 /* EkScene.h */ = {isa = PBXFileReference; fileEncoding = 4; lastKnownFileType = sourcecode.c.h; path = EkScene.h; sourceTree = "<group>"; };
		9FB53E2B2871E82F001B48E4 /* Timer.h */ = {isa = PBXFileReference; fileEncoding = 4; lastKnownFileType = sourcecode.c.h; path = Timer.h; sourceTree = "<group>"; };
		9FB53E2C2871E82F001B48E4 /* Globals.h */ = {isa = PBXFileReference; fileEncoding = 4; lastKnownFileType = sourcecode.c.h; path = Globals.h; sourceTree = "<group>"; };
		9FB53E2D2871E82F001B48E4 /* Random.cpp */ = {isa = PBXFileReference; fileEncoding = 4; lastKnownFileType = sourcecode.cpp.cpp; path = Random.cpp; sourceTree = "<group>"; };
		9FB53E2F2871E82F001B48E4 /* AssetFactory.cpp */ = {isa = PBXFileReference; fileEncoding = 4; lastKnownFileType = sourcecode.cpp.cpp; path = AssetFactory.cpp; sourceTree = "<group>"; };
		9FB53E302871E82F001B48E4 /* IAsset.cpp */ = {isa = PBXFileReference; fileEncoding = 4; lastKnownFileType = sourcecode.cpp.cpp; path = IAsset.cpp; sourceTree = "<group>"; };
		9FB53E312871E82F001B48E4 /* Texture2D.h */ = {isa = PBXFileReference; fileEncoding = 4; lastKnownFileType = sourcecode.c.h; path = Texture2D.h; sourceTree = "<group>"; };
		9FB53E342871E82F001B48E4 /* AssetManager.h */ = {isa = PBXFileReference; fileEncoding = 4; lastKnownFileType = sourcecode.c.h; path = AssetManager.h; sourceTree = "<group>"; };
		9FB53E352871E82F001B48E4 /* Cubemap.cpp */ = {isa = PBXFileReference; fileEncoding = 4; lastKnownFileType = sourcecode.cpp.cpp; path = Cubemap.cpp; sourceTree = "<group>"; };
		9FB53E362871E82F001B48E4 /* ShaderProgram.h */ = {isa = PBXFileReference; fileEncoding = 4; lastKnownFileType = sourcecode.c.h; path = ShaderProgram.h; sourceTree = "<group>"; };
		9FB53E372871E82F001B48E4 /* IAsset.h */ = {isa = PBXFileReference; fileEncoding = 4; lastKnownFileType = sourcecode.c.h; path = IAsset.h; sourceTree = "<group>"; };
		9FB53E3A2871E82F001B48E4 /* AssetManager.cpp */ = {isa = PBXFileReference; fileEncoding = 4; lastKnownFileType = sourcecode.cpp.cpp; path = AssetManager.cpp; sourceTree = "<group>"; };
		9FB53E3B2871E82F001B48E4 /* ShaderProgram.cpp */ = {isa = PBXFileReference; fileEncoding = 4; lastKnownFileType = sourcecode.cpp.cpp; path = ShaderProgram.cpp; sourceTree = "<group>"; };
		9FB53E3E2871E82F001B48E4 /* Texture2D.cpp */ = {isa = PBXFileReference; fileEncoding = 4; lastKnownFileType = sourcecode.cpp.cpp; path = Texture2D.cpp; sourceTree = "<group>"; };
		9FB53E3F2871E82F001B48E4 /* Cubemap.h */ = {isa = PBXFileReference; fileEncoding = 4; lastKnownFileType = sourcecode.c.h; path = Cubemap.h; sourceTree = "<group>"; };
		9FB53E402871E82F001B48E4 /* AssetFactory.h */ = {isa = PBXFileReference; fileEncoding = 4; lastKnownFileType = sourcecode.c.h; path = AssetFactory.h; sourceTree = "<group>"; };
		9FB53E432871E82F001B48E4 /* InputHandler.cpp */ = {isa = PBXFileReference; fileEncoding = 4; lastKnownFileType = sourcecode.cpp.cpp; path = InputHandler.cpp; sourceTree = "<group>"; };
		9FB53E452871E82F001B48E4 /* GLFWGame.h */ = {isa = PBXFileReference; fileEncoding = 4; lastKnownFileType = sourcecode.c.h; path = GLFWGame.h; sourceTree = "<group>"; };
		9FB53E4E2871E82F001B48E4 /* InputHandler.h */ = {isa = PBXFileReference; fileEncoding = 4; lastKnownFileType = sourcecode.c.h; path = InputHandler.h; sourceTree = "<group>"; };
		9FB53E4F2871E82F001B48E4 /* GLFWGame.cpp */ = {isa = PBXFileReference; fileEncoding = 4; lastKnownFileType = sourcecode.cpp.cpp; path = GLFWGame.cpp; sourceTree = "<group>"; };
		9FB53E502871E82F001B48E4 /* Globals.cpp */ = {isa = PBXFileReference; fileEncoding = 4; lastKnownFileType = sourcecode.cpp.cpp; path = Globals.cpp; sourceTree = "<group>"; };
		9FB53E512871E82F001B48E4 /* Helpers.h */ = {isa = PBXFileReference; fileEncoding = 4; lastKnownFileType = sourcecode.c.h; path = Helpers.h; sourceTree = "<group>"; };
		9FB53E562871E82F001B48E4 /* Singleton.h */ = {isa = PBXFileReference; fileEncoding = 4; lastKnownFileType = sourcecode.c.h; path = Singleton.h; sourceTree = "<group>"; };
		9FB53E572871E82F001B48E4 /* Logger.cpp */ = {isa = PBXFileReference; fileEncoding = 4; lastKnownFileType = sourcecode.cpp.cpp; path = Logger.cpp; sourceTree = "<group>"; };
		9FB53E582871E82F001B48E4 /* Logger.h */ = {isa = PBXFileReference; fileEncoding = 4; lastKnownFileType = sourcecode.c.h; path = Logger.h; sourceTree = "<group>"; };
		9FB53E5A2871E82F001B48E4 /* Events.h */ = {isa = PBXFileReference; fileEncoding = 4; lastKnownFileType = sourcecode.c.h; path = Events.h; sourceTree = "<group>"; };
		9FB53E5B2871E82F001B48E4 /* EventType.h */ = {isa = PBXFileReference; fileEncoding = 4; lastKnownFileType = sourcecode.c.h; path = EventType.h; sourceTree = "<group>"; };
		9FB53E5C2871E82F001B48E4 /* EventDispatcher.cpp */ = {isa = PBXFileReference; fileEncoding = 4; lastKnownFileType = sourcecode.cpp.cpp; path = EventDispatcher.cpp; sourceTree = "<group>"; };
		9FB53E5D2871E82F001B48E4 /* EventDispatcher.h */ = {isa = PBXFileReference; fileEncoding = 4; lastKnownFileType = sourcecode.c.h; path = EventDispatcher.h; sourceTree = "<group>"; };
		9FB53E822871E82F001B48E4 /* GLRenderer.h */ = {isa = PBXFileReference; fileEncoding = 4; lastKnownFileType = sourcecode.c.h; path = GLRenderer.h; sourceTree = "<group>"; };
		9FB53E852871E82F001B48E4 /* VertexArrayObject.h */ = {isa = PBXFileReference; fileEncoding = 4; lastKnownFileType = sourcecode.c.h; path = VertexArrayObject.h; sourceTree = "<group>"; };
		9FB53E872871E82F001B48E4 /* Material.h */ = {isa = PBXFileReference; fileEncoding = 4; lastKnownFileType = sourcecode.c.h; path = Material.h; sourceTree = "<group>"; };
		9FB53E8B2871E82F001B48E4 /* VertexArrayObject.cpp */ = {isa = PBXFileReference; fileEncoding = 4; lastKnownFileType = sourcecode.cpp.cpp; path = VertexArrayObject.cpp; sourceTree = "<group>"; };
		9FB53E8C2871E82F001B48E4 /* Material.cpp */ = {isa = PBXFileReference; fileEncoding = 4; lastKnownFileType = sourcecode.cpp.cpp; path = Material.cpp; sourceTree = "<group>"; };
		9FB53E8D2871E82F001B48E4 /* GLRenderer.cpp */ = {isa = PBXFileReference; fileEncoding = 4; lastKnownFileType = sourcecode.cpp.cpp; path = GLRenderer.cpp; sourceTree = "<group>"; };
		9FB53E8E2871E82F001B48E4 /* Timer.cpp */ = {isa = PBXFileReference; fileEncoding = 4; lastKnownFileType = sourcecode.cpp.cpp; path = Timer.cpp; sourceTree = "<group>"; };
		9FB53E8F2871E82F001B48E4 /* Random.h */ = {isa = PBXFileReference; fileEncoding = 4; lastKnownFileType = sourcecode.c.h; path = Random.h; sourceTree = "<group>"; };
		9FB53E902871E82F001B48E4 /* UserInputListener.h */ = {isa = PBXFileReference; fileEncoding = 4; lastKnownFileType = sourcecode.c.h; path = UserInputListener.h; sourceTree = "<group>"; };
		9FB53ECC2872085F001B48E4 /* glad */ = {isa = PBXFileReference; lastKnownFileType = folder; path = glad; sourceTree = "<group>"; };
		9FB53ECF2872093E001B48E4 /* glad.c */ = {isa = PBXFileReference; fileEncoding = 4; lastKnownFileType = sourcecode.c.c; path = glad.c; sourceTree = "<group>"; };
/* End PBXFileReference section */

/* Begin PBXFrameworksBuildPhase section */
		9F0273DE281C430100CE30A9 /* Frameworks */ = {
			isa = PBXFrameworksBuildPhase;
			buildActionMask = 2147483647;
			files = (
				9B0623FF2BA76D8000F61D56 /* vorbisenc.framework in Frameworks */,
				9B0623FD2BA76D8000F61D56 /* vorbis.framework in Frameworks */,
				9F125C33281E793C00D58989 /* AppKit.framework in Frameworks */,
				9B33237F2B4DEEEB00552DE0 /* ForceFeedback.framework in Frameworks */,
				9B0624082BA77DE700F61D56 /* FLAC.framework in Frameworks */,
				9BE838792BA74BBD00634188 /* OpenGL.framework in Frameworks */,
				9B0624052BA76D8000F61D56 /* ogg.framework in Frameworks */,
				9B0623EB2BA76CF500F61D56 /* libsfml-system.2.6.1.dylib in Frameworks */,
				9B2244712BB3AD130031713C /* libassimpd.5.3.0.dylib in Frameworks */,
				9F0273FB281C4E4E00CE30A9 /* IOKit.framework in Frameworks */,
				9F0273F9281C4E3D00CE30A9 /* OpenGL.framework in Frameworks */,
				9B0624012BA76D8000F61D56 /* vorbisfile.framework in Frameworks */,
				9F0273F7281C4E3800CE30A9 /* Cocoa.framework in Frameworks */,
				9F0273EF281C4BBD00CE30A9 /* libglfw3.a in Frameworks */,
				9B0624072BA76D8800F61D56 /* OpenAL.framework in Frameworks */,
				9B0623E82BA76B0B00F61D56 /* libsfml-audio.2.6.1.dylib in Frameworks */,
				9B0623FB2BA76D8000F61D56 /* freetype.framework in Frameworks */,
			);
			runOnlyForDeploymentPostprocessing = 0;
		};
/* End PBXFrameworksBuildPhase section */

/* Begin PBXGroup section */
		9B09865B2BB9BD0A0015CE77 /* Cameras */ = {
			isa = PBXGroup;
			children = (
				9B4F71CE2BBA063C00ADAF54 /* SpringFolllowCamera.cpp */,
				9B4F71CF2BBA063C00ADAF54 /* SpringFolllowCamera.h */,
				9B2B47592B9EED6600CCEE31 /* Frustum.cpp */,
				9B2B47582B9EED6600CCEE31 /* Frustum.h */,
				9BD626742A1A0BBA009AEA3F /* FreeLookCamera.cpp */,
				9BD626752A1A0BBA009AEA3F /* FreeLookCamera.h */,
				9B09865C2BB9BD300015CE77 /* ICamera.cpp */,
				9B09865D2BB9BD300015CE77 /* ICamera.hpp */,
			);
			path = Cameras;
			sourceTree = "<group>";
		};
		9B1E9DDB2B4D3D52004E1E5E /* VehiclePhysicsDemo */ = {
			isa = PBXGroup;
			children = (
				9B4BA1102A4A1DFF00380ED4 /* CarSuspension.cpp */,
				9B4BA1112A4A1DFF00380ED4 /* CarSuspension.hpp */,
				9B1E9DD82B4D36E6004E1E5E /* VehiclePhysicsDemo.cpp */,
				9B1E9DD92B4D36E6004E1E5E /* VehiclePhysicsDemo.hpp */,
				9B655ADF2B587CFF00A259D4 /* CarComponent.cpp */,
				9B655AE02B587CFF00A259D4 /* CarComponent.hpp */,
			);
			path = VehiclePhysicsDemo;
			sourceTree = "<group>";
		};
		9B5023E42A3E5E78003A9C8E /* EkPhysics */ = {
			isa = PBXGroup;
			children = (
				9B99C98B2D26F6E700091763 /* Constraints */,
				9B5023E52A3E5E78003A9C8E /* Collider.h */,
				9B5023EE2A3E5E78003A9C8E /* Collider.cpp */,
				9B5023E82A3E5E78003A9C8E /* EkBody.cpp */,
				9B5023E92A3E5E78003A9C8E /* EkBody.h */,
				9B5023EC2A3E5E78003A9C8E /* PhysicsWorld.cpp */,
				9B5023ED2A3E5E78003A9C8E /* PhysicsWorld.h */,
				9B99C9882D26F4FD00091763 /* ContactGenerator.h */,
				9B99C9892D26F51300091763 /* ContactGenerator.cpp */,
				9B99C98F2D27165900091763 /* CollisionSystem.cpp */,
				9B99C9902D27165900091763 /* CollisionSystem.h */,
			);
			path = EkPhysics;
			sourceTree = "<group>";
		};
		9B8202682BBB51C9001416CE /* FPSDemo */ = {
			isa = PBXGroup;
			children = (
				9B8202662BBB51C9001416CE /* FPSDemo.cpp */,
				9B8202672BBB51C9001416CE /* FPSDemo.hpp */,
			);
			path = FPSDemo;
			sourceTree = "<group>";
		};
		9B88A0982BA7466400E9BA5C /* SFML */ = {
			isa = PBXGroup;
			children = (
				9B88A0C52BA7478800E9BA5C /* Config.hpp */,
				9B88A0C72BA7478800E9BA5C /* System.hpp */,
				9B88A0992BA7466400E9BA5C /* System */,
				9B88A0B32BA7466400E9BA5C /* Audio */,
				9B88A0C42BA7466400E9BA5C /* Audio.hpp */,
			);
			path = SFML;
			sourceTree = "<group>";
		};
		9B88A0992BA7466400E9BA5C /* System */ = {
			isa = PBXGroup;
			children = (
				9B88A09A2BA7466400E9BA5C /* ThreadLocalPtr.inl */,
				9B88A09B2BA7466400E9BA5C /* Utf.hpp */,
				9B88A09C2BA7466400E9BA5C /* Lock.hpp */,
				9B88A09D2BA7466400E9BA5C /* Sleep.hpp */,
				9B88A09E2BA7466400E9BA5C /* Time.hpp */,
				9B88A09F2BA7466400E9BA5C /* Export.hpp */,
				9B88A0A02BA7466400E9BA5C /* Utf.inl */,
				9B88A0A12BA7466400E9BA5C /* ThreadLocalPtr.hpp */,
				9B88A0A22BA7466400E9BA5C /* MemoryInputStream.hpp */,
				9B88A0A32BA7466400E9BA5C /* Vector2.inl */,
				9B88A0A42BA7466400E9BA5C /* InputStream.hpp */,
				9B88A0A52BA7466400E9BA5C /* Vector3.inl */,
				9B88A0A62BA7466400E9BA5C /* FileInputStream.hpp */,
				9B88A0A72BA7466400E9BA5C /* Clock.hpp */,
				9B88A0A82BA7466400E9BA5C /* String.hpp */,
				9B88A0A92BA7466400E9BA5C /* ThreadLocal.hpp */,
				9B88A0AA2BA7466400E9BA5C /* Thread.inl */,
				9B88A0AB2BA7466400E9BA5C /* String.inl */,
				9B88A0AC2BA7466400E9BA5C /* Mutex.hpp */,
				9B88A0AD2BA7466400E9BA5C /* Thread.hpp */,
				9B88A0AE2BA7466400E9BA5C /* Err.hpp */,
				9B88A0AF2BA7466400E9BA5C /* NativeActivity.hpp */,
				9B88A0B02BA7466400E9BA5C /* Vector3.hpp */,
				9B88A0B12BA7466400E9BA5C /* NonCopyable.hpp */,
				9B88A0B22BA7466400E9BA5C /* Vector2.hpp */,
			);
			path = System;
			sourceTree = "<group>";
		};
		9B88A0B32BA7466400E9BA5C /* Audio */ = {
			isa = PBXGroup;
			children = (
				9B88A0B42BA7466400E9BA5C /* SoundFileReader.hpp */,
				9B88A0B52BA7466400E9BA5C /* SoundBuffer.hpp */,
				9B88A0B62BA7466400E9BA5C /* Music.hpp */,
				9B88A0B72BA7466400E9BA5C /* Export.hpp */,
				9B88A0B82BA7466400E9BA5C /* SoundFileWriter.hpp */,
				9B88A0B92BA7466400E9BA5C /* Sound.hpp */,
				9B88A0BA2BA7466400E9BA5C /* Listener.hpp */,
				9B88A0BB2BA7466400E9BA5C /* SoundSource.hpp */,
				9B88A0BC2BA7466400E9BA5C /* InputSoundFile.hpp */,
				9B88A0BD2BA7466400E9BA5C /* SoundFileFactory.inl */,
				9B88A0BE2BA7466400E9BA5C /* SoundBufferRecorder.hpp */,
				9B88A0BF2BA7466400E9BA5C /* SoundRecorder.hpp */,
				9B88A0C02BA7466400E9BA5C /* AlResource.hpp */,
				9B88A0C12BA7466400E9BA5C /* SoundStream.hpp */,
				9B88A0C22BA7466400E9BA5C /* SoundFileFactory.hpp */,
				9B88A0C32BA7466400E9BA5C /* OutputSoundFile.hpp */,
			);
			path = Audio;
			sourceTree = "<group>";
		};
		9B99C98B2D26F6E700091763 /* Constraints */ = {
			isa = PBXGroup;
			children = (
				9B5203722D2630BB007657F2 /* Constraint.h */,
				9B99C98C2D26F71400091763 /* ContactConstraint.cpp */,
				9B99C98D2D26F71400091763 /* ContactConstraint.h */,
			);
			path = Constraints;
			sourceTree = "<group>";
		};
		9BF6E8032BA8F6A100179E95 /* SkeletalAnimation */ = {
			isa = PBXGroup;
			children = (
				9BF6E8052BA8F6FA00179E95 /* SkeletalAnimationDemo.cpp */,
				9BF6E8042BA8F6FA00179E95 /* SkeletalAnimationDemo.hpp */,
			);
			path = SkeletalAnimation;
			sourceTree = "<group>";
		};
		9BF949132C3A729D001BA567 /* StackOfBoxesDemo */ = {
			isa = PBXGroup;
			children = (
				9BF949142C3A72B4001BA567 /* StackOfBoxesDemo.cpp */,
				9BF949152C3A72B4001BA567 /* StackOfBoxesDemo.hpp */,
			);
			path = StackOfBoxesDemo;
			sourceTree = "<group>";
		};
		9F0273D8281C430100CE30A9 = {
			isa = PBXGroup;
			children = (
				9B2244732BB3AD370031713C /* libassimpd.5.dylib */,
				9B2244742BB3AD370031713C /* libassimpd.dylib */,
				9B0623EE2BA76D2200F61D56 /* libsfml-audio.2.6.dylib */,
				9B0623EF2BA76D2200F61D56 /* libsfml-audio.dylib */,
				9B0623ED2BA76D2200F61D56 /* libsfml-system.2.6.dylib */,
				9B0623F02BA76D2200F61D56 /* libsfml-system.dylib */,
				9F0E787328D8BB6A00466B8A /* Demos */,
				9F382F98281D43AC0033FCE1 /* Resources */,
				9F0273EB281C433500CE30A9 /* Externals */,
				9F0273E3281C430100CE30A9 /* EklavyaEngine */,
				9F0273E2281C430100CE30A9 /* Products */,
				9F0273F5281C4E3800CE30A9 /* Frameworks */,
			);
			sourceTree = "<group>";
		};
		9F0273E2281C430100CE30A9 /* Products */ = {
			isa = PBXGroup;
			children = (
				9F0273E1281C430100CE30A9 /* EklavyaEngine */,
			);
			name = Products;
			sourceTree = "<group>";
		};
		9F0273E3281C430100CE30A9 /* EklavyaEngine */ = {
			isa = PBXGroup;
			children = (
				9B0623D82BA75AE700F61D56 /* EkAudio.cpp */,
				9B0623D92BA75AE700F61D56 /* EkAudio.hpp */,
				9B5023E42A3E5E78003A9C8E /* EkPhysics */,
				9B2B0A332A14242600A9FF3F /* MainEntryScene.cpp */,
				9B2B0A382A1424A100A9FF3F /* MainEntryScene.hpp */,
				9FB53E2E2871E82F001B48E4 /* AssetManager */,
				9FB53DF52871E82F001B48E4 /* Components */,
				9FB53E592871E82F001B48E4 /* Event */,
				9FB53E4F2871E82F001B48E4 /* GLFWGame.cpp */,
				9FB53E452871E82F001B48E4 /* GLFWGame.h */,
				9FB53E502871E82F001B48E4 /* Globals.cpp */,
				9FB53E2C2871E82F001B48E4 /* Globals.h */,
				9FB53E512871E82F001B48E4 /* Helpers.h */,
				9FB53E432871E82F001B48E4 /* InputHandler.cpp */,
				9FB53E4E2871E82F001B48E4 /* InputHandler.h */,
				9FB53E2D2871E82F001B48E4 /* Random.cpp */,
				9FB53E8F2871E82F001B48E4 /* Random.h */,
				9FB53E812871E82F001B48E4 /* Renderer */,
				9FB53E062871E82F001B48E4 /* Scene */,
				9FB53E8E2871E82F001B48E4 /* Timer.cpp */,
				9FB53E2B2871E82F001B48E4 /* Timer.h */,
				9FB53E902871E82F001B48E4 /* UserInputListener.h */,
				9FB53E552871E82F001B48E4 /* CoreUtils */,
				9B312DBE2A20B45400A9AAFB /* Director.cpp */,
				9B312DBF2A20B45400A9AAFB /* Director.hpp */,
				9B40CEE92A2220B00055FD47 /* Main.cpp */,
			);
			path = EklavyaEngine;
			sourceTree = "<group>";
		};
		9F0273EB281C433500CE30A9 /* Externals */ = {
			isa = PBXGroup;
			children = (
				9BE189162A2CD0E9005A4971 /* image_DXT.c */,
				9BE189142A2CD0E9005A4971 /* image_DXT.h */,
				9BE189182A2CD0E9005A4971 /* image_helper.c */,
				9BE189152A2CD0E9005A4971 /* image_helper.h */,
				9BE189172A2CD0E9005A4971 /* SOIL.c */,
				9BE189102A2CD0E9005A4971 /* SOIL.h */,
				9BE189112A2CD0E9005A4971 /* stb_image_aug.c */,
				9BE189122A2CD0E9005A4971 /* stb_image_aug.h */,
				9BE189132A2CD0E9005A4971 /* stb_image.h */,
				9F4F161728D4B85B007E7518 /* imgui */,
				9FB53ECF2872093E001B48E4 /* glad.c */,
				9F0273ED281C435800CE30A9 /* libraries */,
				9F0273EC281C434A00CE30A9 /* include */,
			);
			path = Externals;
			sourceTree = "<group>";
		};
		9F0273EC281C434A00CE30A9 /* include */ = {
			isa = PBXGroup;
			children = (
				9B88A0982BA7466400E9BA5C /* SFML */,
				9BE188F42A2CCF81005A4971 /* image_DXT.h */,
				9BE188F82A2CCF81005A4971 /* image_helper.h */,
				9BE188F62A2CCF81005A4971 /* SOIL.h */,
				9BE188F52A2CCF81005A4971 /* stb_image_aug.h */,
				9BE188F92A2CCF81005A4971 /* stbi_DDS_aug_c.h */,
				9BE188F72A2CCF81005A4971 /* stbi_DDS_aug.h */,
				9BE188F32A2CCD15005A4971 /* glm */,
				9FB53ECC2872085F001B48E4 /* glad */,
				9FB53D1A2871D912001B48E4 /* assimp */,
				9F0273F1281C4C5200CE30A9 /* GLFW */,
				9F0273F2281C4C5200CE30A9 /* KHR */,
				9F0273F0281C4BC900CE30A9 /* GLFW */,
			);
			path = include;
			sourceTree = "<group>";
		};
		9F0273ED281C435800CE30A9 /* libraries */ = {
			isa = PBXGroup;
			children = (
				9FB53D232871DC3D001B48E4 /* libassimp.3.dylib */,
				9F125BFF281E5FB700D58989 /* libirrKlang.a */,
				9F0273EE281C4BBD00CE30A9 /* libglfw3.a */,
			);
			path = libraries;
			sourceTree = "<group>";
		};
		9F0273F5281C4E3800CE30A9 /* Frameworks */ = {
			isa = PBXGroup;
			children = (
				9B2244702BB3AD130031713C /* libassimpd.5.3.0.dylib */,
				9B0623F92BA76D8000F61D56 /* FLAC.framework */,
				9B0623F52BA76D8000F61D56 /* freetype.framework */,
				9B0623FA2BA76D8000F61D56 /* ogg.framework */,
				9B0623F62BA76D8000F61D56 /* vorbis.framework */,
				9B0623F72BA76D8000F61D56 /* vorbisenc.framework */,
				9B0623F82BA76D8000F61D56 /* vorbisfile.framework */,
				9B0623EA2BA76CF500F61D56 /* libsfml-system.2.6.1.dylib */,
				9B0623DE2BA7699D00F61D56 /* libsfml-audio.2.6.1.dylib */,
				9B33237E2B4DEEEB00552DE0 /* ForceFeedback.framework */,
				9B1051212B4CA91600C2914D /* OpenAL.framework */,
				9B4C5C872A535E0A00432642 /* libassimp.5.2.4.dylib */,
				9F125C32281E793C00D58989 /* AppKit.framework */,
				9F0273FA281C4E4E00CE30A9 /* IOKit.framework */,
				9F0273F8281C4E3D00CE30A9 /* OpenGL.framework */,
				9F0273F6281C4E3800CE30A9 /* Cocoa.framework */,
			);
			name = Frameworks;
			sourceTree = "<group>";
		};
		9F0E787328D8BB6A00466B8A /* Demos */ = {
			isa = PBXGroup;
			children = (
				9BF949132C3A729D001BA567 /* StackOfBoxesDemo */,
				9B8202682BBB51C9001416CE /* FPSDemo */,
				9BF6E8032BA8F6A100179E95 /* SkeletalAnimation */,
				9B1E9DDB2B4D3D52004E1E5E /* VehiclePhysicsDemo */,
			);
			path = Demos;
			sourceTree = "<group>";
		};
		9F4F161728D4B85B007E7518 /* imgui */ = {
			isa = PBXGroup;
			children = (
				9F4F162C28D4B9EE007E7518 /* imgui_impl_glfw.cpp */,
				9F4F162D28D4B9EE007E7518 /* imgui_impl_glfw.h */,
				9F4F162B28D4B953007E7518 /* imgui_impl_opengl3_loader.h */,
				9F4F162328D4B8F5007E7518 /* imconfig.h */,
				9F4F162228D4B8F5007E7518 /* imgui_demo.cpp */,
				9F4F162528D4B8F5007E7518 /* imgui_draw.cpp */,
				9F4F161F28D4B8F5007E7518 /* imgui_internal.h */,
				9F4F161E28D4B8F5007E7518 /* imgui_tables.cpp */,
				9F4F162128D4B8F5007E7518 /* imgui_widgets.cpp */,
				9F4F162028D4B8F5007E7518 /* imgui.cpp */,
				9F4F162428D4B8F5007E7518 /* imgui.h */,
				9F4F161B28D4B8F5007E7518 /* imstb_rectpack.h */,
				9F4F161C28D4B8F5007E7518 /* imstb_textedit.h */,
				9F4F161D28D4B8F5007E7518 /* imstb_truetype.h */,
				9F4F161828D4B879007E7518 /* imgui_impl_opengl3.cpp */,
				9F4F161928D4B879007E7518 /* imgui_impl_opengl3.h */,
			);
			path = imgui;
			sourceTree = "<group>";
		};
		9FB53DF52871E82F001B48E4 /* Components */ = {
			isa = PBXGroup;
			children = (
				9B01FF2F2BB0B8C90089BF7E /* AnimationComponent.cpp */,
				9B01FF302BB0B8C90089BF7E /* AnimationComponent.h */,
				9B5E65B42A18D41D00A2C5A3 /* EkComponent.cpp */,
				9B5E65B52A18D41D00A2C5A3 /* EkComponent.hpp */,
				9FB53DFC2871E82F001B48E4 /* TransformComponent.cpp */,
				9FB53DFD2871E82F001B48E4 /* TransformComponent.h */,
				9B5F46932A1A6C0B00CCB41F /* RenderComponent.cpp */,
				9B5F46942A1A6C0B00CCB41F /* RenderComponent.hpp */,
				9B52036F2D25CFCA007657F2 /* ComponentIds.h */,
			);
			path = Components;
			sourceTree = "<group>";
		};
		9FB53E062871E82F001B48E4 /* Scene */ = {
			isa = PBXGroup;
			children = (
				9B09865B2BB9BD0A0015CE77 /* Cameras */,
				9B2B475C2B9EED7100CCEE31 /* BoundingVolume.cpp */,
				9B2B475B2B9EED7100CCEE31 /* BoundingVolume.h */,
				9B09865F2BB9CE0B0015CE77 /* SceneDebugger.cpp */,
				9B0986602BB9CE0B0015CE77 /* SceneDebugger.hpp */,
				9BD626782A1A1621009AEA3F /* EkActor.cpp */,
				9BD626772A1A1621009AEA3F /* EkActor.h */,
				9FB53E0B2871E82F001B48E4 /* EkScene.cpp */,
				9FB53E292871E82F001B48E4 /* EkScene.h */,
				9B094A302A51FC3200F26182 /* SceneHelper.cpp */,
				9B094A312A51FC3200F26182 /* SceneHelper.hpp */,
			);
			path = Scene;
			sourceTree = "<group>";
		};
		9FB53E2E2871E82F001B48E4 /* AssetManager */ = {
			isa = PBXGroup;
			children = (
				9B01FF2D2BB0AAC20089BF7E /* Bone.cpp */,
				9B01FF2C2BB0AAC20089BF7E /* Bone.h */,
				9B01FF282BB0AAB70089BF7E /* Animation.cpp */,
				9B01FF272BB0AAB70089BF7E /* Animation.h */,
				9B01FF292BB0AAB70089BF7E /* AnimationData.cpp */,
				9B01FF262BB0AAB70089BF7E /* AnimationData.h */,
				9FB53E2F2871E82F001B48E4 /* AssetFactory.cpp */,
				9FB53E302871E82F001B48E4 /* IAsset.cpp */,
				9FB53E312871E82F001B48E4 /* Texture2D.h */,
				9FB53E342871E82F001B48E4 /* AssetManager.h */,
				9FB53E352871E82F001B48E4 /* Cubemap.cpp */,
				9FB53E362871E82F001B48E4 /* ShaderProgram.h */,
				9FB53E372871E82F001B48E4 /* IAsset.h */,
				9FB53E3A2871E82F001B48E4 /* AssetManager.cpp */,
				9FB53E3B2871E82F001B48E4 /* ShaderProgram.cpp */,
				9FB53E852871E82F001B48E4 /* VertexArrayObject.h */,
				9FB53E8B2871E82F001B48E4 /* VertexArrayObject.cpp */,
				9FB53E3E2871E82F001B48E4 /* Texture2D.cpp */,
				9FB53E3F2871E82F001B48E4 /* Cubemap.h */,
				9FB53E402871E82F001B48E4 /* AssetFactory.h */,
				9B40CEE62A2201C10055FD47 /* GLMesh.cpp */,
				9B40CEE72A2201C10055FD47 /* GLMesh.hpp */,
				9B4B65732A24CA6D00C5CFB9 /* Asset.h */,
				9B5023CB2A3E1351003A9C8E /* MaterialInfo.h */,
				9B094A2C2A4CED6A00F26182 /* GLModel.cpp */,
				9B094A2D2A4CED6A00F26182 /* GLModel.hpp */,
			);
			path = AssetManager;
			sourceTree = "<group>";
		};
		9FB53E552871E82F001B48E4 /* CoreUtils */ = {
			isa = PBXGroup;
			children = (
				9B5E65B72A18D79C00A2C5A3 /* EkUtils.cpp */,
				9B5E65B82A18D79C00A2C5A3 /* EkUtils.hpp */,
				9FB53E562871E82F001B48E4 /* Singleton.h */,
				9FB53E572871E82F001B48E4 /* Logger.cpp */,
				9FB53E582871E82F001B48E4 /* Logger.h */,
			);
			path = CoreUtils;
			sourceTree = "<group>";
		};
		9FB53E592871E82F001B48E4 /* Event */ = {
			isa = PBXGroup;
			children = (
				9FB53E5A2871E82F001B48E4 /* Events.h */,
				9FB53E5B2871E82F001B48E4 /* EventType.h */,
				9FB53E5C2871E82F001B48E4 /* EventDispatcher.cpp */,
				9FB53E5D2871E82F001B48E4 /* EventDispatcher.h */,
			);
			path = Event;
			sourceTree = "<group>";
		};
		9FB53E812871E82F001B48E4 /* Renderer */ = {
			isa = PBXGroup;
			children = (
				9B18B1F72B5D976100A3226B /* Framebuffer.cpp */,
				9B18B1F92B5D976200A3226B /* Framebuffer.hpp */,
				9B18B1FA2B5D976200A3226B /* RenderPass.cpp */,
				9B18B1F82B5D976200A3226B /* RenderPass.hpp */,
				9B00D1A72B4B5A45004CBD97 /* SpringFollowCamera.cpp */,
				9B00D1A82B4B5A45004CBD97 /* SpringFollowCamera.hpp */,
				9FB53E872871E82F001B48E4 /* Material.h */,
				9FB53E8C2871E82F001B48E4 /* Material.cpp */,
				9FB53E822871E82F001B48E4 /* GLRenderer.h */,
				9FB53E8D2871E82F001B48E4 /* GLRenderer.cpp */,
				9B4B7BC42A485DC7009C122B /* DebugRenderer.cpp */,
				9B4B7BC52A485DC7009C122B /* DebugRenderer.hpp */,
			);
			path = Renderer;
			sourceTree = "<group>";
		};
/* End PBXGroup section */

/* Begin PBXNativeTarget section */
		9F0273E0281C430100CE30A9 /* EklavyaEngine */ = {
			isa = PBXNativeTarget;
			buildConfigurationList = 9F0273E8281C430100CE30A9 /* Build configuration list for PBXNativeTarget "EklavyaEngine" */;
			buildPhases = (
				9F0273DD281C430100CE30A9 /* Sources */,
				9F0273DE281C430100CE30A9 /* Frameworks */,
				9F0273DF281C430100CE30A9 /* CopyFiles */,
				9B4C5C8A2A535E0A00432642 /* Embed Libraries */,
			);
			buildRules = (
			);
			dependencies = (
			);
			name = EklavyaEngine;
			productName = Match3Test;
			productReference = 9F0273E1281C430100CE30A9 /* EklavyaEngine */;
			productType = "com.apple.product-type.tool";
		};
/* End PBXNativeTarget section */

/* Begin PBXProject section */
		9F0273D9281C430100CE30A9 /* Project object */ = {
			isa = PBXProject;
			attributes = {
				BuildIndependentTargetsInParallel = 1;
				LastUpgradeCheck = 1430;
				TargetAttributes = {
					9F0273E0281C430100CE30A9 = {
						CreatedOnToolsVersion = 13.1;
					};
				};
			};
			buildConfigurationList = 9F0273DC281C430100CE30A9 /* Build configuration list for PBXProject "EklavyaEngine" */;
			compatibilityVersion = "Xcode 13.0";
			developmentRegion = en;
			hasScannedForEncodings = 0;
			knownRegions = (
				en,
				Base,
			);
			mainGroup = 9F0273D8281C430100CE30A9;
			productRefGroup = 9F0273E2281C430100CE30A9 /* Products */;
			projectDirPath = "";
			projectRoot = "";
			targets = (
				9F0273E0281C430100CE30A9 /* EklavyaEngine */,
			);
		};
/* End PBXProject section */

/* Begin PBXSourcesBuildPhase section */
		9F0273DD281C430100CE30A9 /* Sources */ = {
			isa = PBXSourcesBuildPhase;
			buildActionMask = 2147483647;
			files = (
				9B655AE12B587CFF00A259D4 /* CarComponent.cpp in Sources */,
				9FB53EC62871E82F001B48E4 /* Material.cpp in Sources */,
				9FB53EC72871E82F001B48E4 /* GLRenderer.cpp in Sources */,
				9FB53EAD2871E82F001B48E4 /* Cubemap.cpp in Sources */,
				9F4F162828D4B8F5007E7518 /* imgui_widgets.cpp in Sources */,
				9B01FF312BB0B8C90089BF7E /* AnimationComponent.cpp in Sources */,
				9FB53ED02872093E001B48E4 /* glad.c in Sources */,
				9FB53EB52871E82F001B48E4 /* InputHandler.cpp in Sources */,
				9BE1891C2A2CD0E9005A4971 /* image_helper.c in Sources */,
				9FB53E942871E82F001B48E4 /* TransformComponent.cpp in Sources */,
				9FB53EC82871E82F001B48E4 /* Timer.cpp in Sources */,
				9FB53EAA2871E82F001B48E4 /* Random.cpp in Sources */,
				9B2B0A372A14242600A9FF3F /* MainEntryScene.cpp in Sources */,
				9B5E65B92A18D79C00A2C5A3 /* EkUtils.cpp in Sources */,
				9B4B7BC62A485DC7009C122B /* DebugRenderer.cpp in Sources */,
				9B40CEE82A2201C10055FD47 /* GLMesh.cpp in Sources */,
				9BF949162C3A72B4001BA567 /* StackOfBoxesDemo.cpp in Sources */,
				9BE1891B2A2CD0E9005A4971 /* SOIL.c in Sources */,
				9FB53E9A2871E82F001B48E4 /* EkScene.cpp in Sources */,
				9B4BA1122A4A1DFF00380ED4 /* CarSuspension.cpp in Sources */,
				9B0986612BB9CE0B0015CE77 /* SceneDebugger.cpp in Sources */,
				9F4F162728D4B8F5007E7518 /* imgui.cpp in Sources */,
				9FB53EB02871E82F001B48E4 /* AssetManager.cpp in Sources */,
				9B1E9DDA2B4D36E6004E1E5E /* VehiclePhysicsDemo.cpp in Sources */,
				9B99C9912D27165900091763 /* CollisionSystem.cpp in Sources */,
				9BE189192A2CD0E9005A4971 /* stb_image_aug.c in Sources */,
				9B094A322A51FC3200F26182 /* SceneHelper.cpp in Sources */,
				9B0623DA2BA75AE700F61D56 /* EkAudio.cpp in Sources */,
				9BD626762A1A0BBA009AEA3F /* FreeLookCamera.cpp in Sources */,
				9B01FF2A2BB0AAB70089BF7E /* Animation.cpp in Sources */,
				9FB53EAC2871E82F001B48E4 /* IAsset.cpp in Sources */,
				9FB53EB12871E82F001B48E4 /* ShaderProgram.cpp in Sources */,
				9BD626792A1A1621009AEA3F /* EkActor.cpp in Sources */,
				9B5F46952A1A6C0B00CCB41F /* RenderComponent.cpp in Sources */,
				9B18B1FB2B5D976200A3226B /* Framebuffer.cpp in Sources */,
				9B2B475D2B9EED7100CCEE31 /* BoundingVolume.cpp in Sources */,
				9F4F162A28D4B8F5007E7518 /* imgui_draw.cpp in Sources */,
				9B40CEEA2A2220B00055FD47 /* Main.cpp in Sources */,
				9B2B475A2B9EED6600CCEE31 /* Frustum.cpp in Sources */,
				9B4F71D02BBA063C00ADAF54 /* SpringFolllowCamera.cpp in Sources */,
				9FB53EC52871E82F001B48E4 /* VertexArrayObject.cpp in Sources */,
				9B5023F32A3E5E78003A9C8E /* Collider.cpp in Sources */,
				9BF6E8062BA8F6FA00179E95 /* SkeletalAnimationDemo.cpp in Sources */,
				9FB53EBD2871E82F001B48E4 /* EventDispatcher.cpp in Sources */,
				9B312DC02A20B45400A9AAFB /* Director.cpp in Sources */,
				9B094A2E2A4CED6A00F26182 /* GLModel.cpp in Sources */,
				9F4F162E28D4B9EE007E7518 /* imgui_impl_glfw.cpp in Sources */,
				9F4F162928D4B8F5007E7518 /* imgui_demo.cpp in Sources */,
				9B09865E2BB9BD300015CE77 /* ICamera.cpp in Sources */,
				9B5023F22A3E5E78003A9C8E /* PhysicsWorld.cpp in Sources */,
				9B01FF2B2BB0AAB70089BF7E /* AnimationData.cpp in Sources */,
				9B99C98A2D26F51300091763 /* ContactGenerator.cpp in Sources */,
				9B01FF2E2BB0AAC20089BF7E /* Bone.cpp in Sources */,
				9BE1891A2A2CD0E9005A4971 /* image_DXT.c in Sources */,
				9B5E65B62A18D41D00A2C5A3 /* EkComponent.cpp in Sources */,
				9FB53EBC2871E82F001B48E4 /* Logger.cpp in Sources */,
				9F4F162628D4B8F5007E7518 /* imgui_tables.cpp in Sources */,
				9F4F161A28D4B879007E7518 /* imgui_impl_opengl3.cpp in Sources */,
				9B8202692BBB51C9001416CE /* FPSDemo.cpp in Sources */,
				9B18B1FC2B5D976200A3226B /* RenderPass.cpp in Sources */,
				9FB53EB32871E82F001B48E4 /* Texture2D.cpp in Sources */,
				9B5023F02A3E5E78003A9C8E /* EkBody.cpp in Sources */,
				9FB53EBA2871E82F001B48E4 /* Globals.cpp in Sources */,
				9FB53EAB2871E82F001B48E4 /* AssetFactory.cpp in Sources */,
				9B00D1A92B4B5A45004CBD97 /* SpringFollowCamera.cpp in Sources */,
				9FB53EB92871E82F001B48E4 /* GLFWGame.cpp in Sources */,
				9B99C98E2D26F71400091763 /* ContactConstraint.cpp in Sources */,
			);
			runOnlyForDeploymentPostprocessing = 0;
		};
/* End PBXSourcesBuildPhase section */

/* Begin XCBuildConfiguration section */
		9F0273E6281C430100CE30A9 /* Debug */ = {
			isa = XCBuildConfiguration;
			buildSettings = {
				ALWAYS_SEARCH_USER_PATHS = NO;
				CLANG_ANALYZER_NONNULL = YES;
				CLANG_ANALYZER_NUMBER_OBJECT_CONVERSION = YES_AGGRESSIVE;
				CLANG_CXX_LANGUAGE_STANDARD = "c++20";
				CLANG_CXX_LIBRARY = "libc++";
				CLANG_ENABLE_MODULES = YES;
				CLANG_ENABLE_OBJC_ARC = YES;
				CLANG_ENABLE_OBJC_WEAK = YES;
				CLANG_WARN_BLOCK_CAPTURE_AUTORELEASING = YES;
				CLANG_WARN_BOOL_CONVERSION = YES;
				CLANG_WARN_COMMA = YES;
				CLANG_WARN_CONSTANT_CONVERSION = YES;
				CLANG_WARN_DEPRECATED_OBJC_IMPLEMENTATIONS = YES;
				CLANG_WARN_DIRECT_OBJC_ISA_USAGE = YES_ERROR;
				CLANG_WARN_DOCUMENTATION_COMMENTS = YES;
				CLANG_WARN_EMPTY_BODY = YES;
				CLANG_WARN_ENUM_CONVERSION = YES;
				CLANG_WARN_INFINITE_RECURSION = YES;
				CLANG_WARN_INT_CONVERSION = YES;
				CLANG_WARN_NON_LITERAL_NULL_CONVERSION = YES;
				CLANG_WARN_OBJC_IMPLICIT_RETAIN_SELF = YES;
				CLANG_WARN_OBJC_LITERAL_CONVERSION = YES;
				CLANG_WARN_OBJC_ROOT_CLASS = YES_ERROR;
				CLANG_WARN_QUOTED_INCLUDE_IN_FRAMEWORK_HEADER = YES;
				CLANG_WARN_RANGE_LOOP_ANALYSIS = YES;
				CLANG_WARN_STRICT_PROTOTYPES = YES;
				CLANG_WARN_SUSPICIOUS_MOVE = YES;
				CLANG_WARN_UNGUARDED_AVAILABILITY = YES_AGGRESSIVE;
				CLANG_WARN_UNREACHABLE_CODE = YES;
				CLANG_WARN__DUPLICATE_METHOD_MATCH = YES;
				COPY_PHASE_STRIP = NO;
				DEAD_CODE_STRIPPING = YES;
				DEBUG_INFORMATION_FORMAT = dwarf;
				ENABLE_STRICT_OBJC_MSGSEND = YES;
				ENABLE_TESTABILITY = YES;
				GCC_C_LANGUAGE_STANDARD = gnu11;
				GCC_DYNAMIC_NO_PIC = NO;
				GCC_NO_COMMON_BLOCKS = YES;
				GCC_OPTIMIZATION_LEVEL = 0;
				GCC_PREPROCESSOR_DEFINITIONS = (
					"DEBUG=1",
					"$(inherited)",
				);
				GCC_WARN_64_TO_32_BIT_CONVERSION = YES;
				GCC_WARN_ABOUT_RETURN_TYPE = YES_ERROR;
				GCC_WARN_UNDECLARED_SELECTOR = YES;
				GCC_WARN_UNINITIALIZED_AUTOS = YES_AGGRESSIVE;
				GCC_WARN_UNUSED_FUNCTION = YES;
				GCC_WARN_UNUSED_VARIABLE = YES;
				MACOSX_DEPLOYMENT_TARGET = 12.0;
				MTL_ENABLE_DEBUG_INFO = INCLUDE_SOURCE;
				MTL_FAST_MATH = YES;
				ONLY_ACTIVE_ARCH = YES;
				SDKROOT = macosx;
			};
			name = Debug;
		};
		9F0273E7281C430100CE30A9 /* Release */ = {
			isa = XCBuildConfiguration;
			buildSettings = {
				ALWAYS_SEARCH_USER_PATHS = NO;
				CLANG_ANALYZER_NONNULL = YES;
				CLANG_ANALYZER_NUMBER_OBJECT_CONVERSION = YES_AGGRESSIVE;
				CLANG_CXX_LANGUAGE_STANDARD = "c++20";
				CLANG_CXX_LIBRARY = "libc++";
				CLANG_ENABLE_MODULES = YES;
				CLANG_ENABLE_OBJC_ARC = YES;
				CLANG_ENABLE_OBJC_WEAK = YES;
				CLANG_WARN_BLOCK_CAPTURE_AUTORELEASING = YES;
				CLANG_WARN_BOOL_CONVERSION = YES;
				CLANG_WARN_COMMA = YES;
				CLANG_WARN_CONSTANT_CONVERSION = YES;
				CLANG_WARN_DEPRECATED_OBJC_IMPLEMENTATIONS = YES;
				CLANG_WARN_DIRECT_OBJC_ISA_USAGE = YES_ERROR;
				CLANG_WARN_DOCUMENTATION_COMMENTS = YES;
				CLANG_WARN_EMPTY_BODY = YES;
				CLANG_WARN_ENUM_CONVERSION = YES;
				CLANG_WARN_INFINITE_RECURSION = YES;
				CLANG_WARN_INT_CONVERSION = YES;
				CLANG_WARN_NON_LITERAL_NULL_CONVERSION = YES;
				CLANG_WARN_OBJC_IMPLICIT_RETAIN_SELF = YES;
				CLANG_WARN_OBJC_LITERAL_CONVERSION = YES;
				CLANG_WARN_OBJC_ROOT_CLASS = YES_ERROR;
				CLANG_WARN_QUOTED_INCLUDE_IN_FRAMEWORK_HEADER = YES;
				CLANG_WARN_RANGE_LOOP_ANALYSIS = YES;
				CLANG_WARN_STRICT_PROTOTYPES = YES;
				CLANG_WARN_SUSPICIOUS_MOVE = YES;
				CLANG_WARN_UNGUARDED_AVAILABILITY = YES_AGGRESSIVE;
				CLANG_WARN_UNREACHABLE_CODE = YES;
				CLANG_WARN__DUPLICATE_METHOD_MATCH = YES;
				COPY_PHASE_STRIP = NO;
				DEAD_CODE_STRIPPING = YES;
				DEBUG_INFORMATION_FORMAT = "dwarf-with-dsym";
				ENABLE_NS_ASSERTIONS = NO;
				ENABLE_STRICT_OBJC_MSGSEND = YES;
				GCC_C_LANGUAGE_STANDARD = gnu11;
				GCC_NO_COMMON_BLOCKS = YES;
				GCC_WARN_64_TO_32_BIT_CONVERSION = YES;
				GCC_WARN_ABOUT_RETURN_TYPE = YES_ERROR;
				GCC_WARN_UNDECLARED_SELECTOR = YES;
				GCC_WARN_UNINITIALIZED_AUTOS = YES_AGGRESSIVE;
				GCC_WARN_UNUSED_FUNCTION = YES;
				GCC_WARN_UNUSED_VARIABLE = YES;
				MACOSX_DEPLOYMENT_TARGET = 12.0;
				MTL_ENABLE_DEBUG_INFO = NO;
				MTL_FAST_MATH = YES;
				SDKROOT = macosx;
			};
			name = Release;
		};
		9F0273E9281C430100CE30A9 /* Debug */ = {
			isa = XCBuildConfiguration;
			buildSettings = {
				CODE_SIGN_STYLE = Manual;
				DEAD_CODE_STRIPPING = YES;
				DEVELOPMENT_TEAM = "";
				EXCLUDED_ARCHS = "";
				FRAMEWORK_SEARCH_PATHS = (
					"$(inherited)",
					"$(PROJECT_DIR)/Externals/Frameworks",
				);
				GCC_PREPROCESSOR_DEFINITIONS = (
					"GLIBCXX_DEBUG=1",
					"GLIBCXXDEBUGPEDANTIC=1",
					"EKDEBUG=1",
				);
				HEADER_SEARCH_PATHS = (
					"$(PROJECT_DIR)/Externals/include",
					"$(PROJECT_DIR)/EklavyaEngine",
					"$(PROJECT_DIR)/Match3Test",
					"$(PROJECT_DIR)/Externals",
				);
				INFOPLIST_KEY_MetalCaptureEnabled = YES;
				LIBRARY_SEARCH_PATHS = (
					"$(PROJECT_DIR)/Externals/libraries",
					"$(PROJECT_DIR)/Externals",
				);
				NEW_SETTING = "";
				PRODUCT_NAME = "$(TARGET_NAME)";
				PROVISIONING_PROFILE_SPECIFIER = "";
			};
			name = Debug;
		};
		9F0273EA281C430100CE30A9 /* Release */ = {
			isa = XCBuildConfiguration;
			buildSettings = {
				CODE_SIGN_STYLE = Manual;
				DEAD_CODE_STRIPPING = YES;
				DEVELOPMENT_TEAM = "";
				EXCLUDED_ARCHS = "";
				FRAMEWORK_SEARCH_PATHS = (
					"$(inherited)",
					"$(PROJECT_DIR)/Externals/Frameworks",
				);
				GCC_PREPROCESSOR_DEFINITIONS = (
					"GLIBCXX_DEBUG=1",
					"GLIBCXXDEBUGPEDANTIC=1",
				);
				HEADER_SEARCH_PATHS = (
					"$(PROJECT_DIR)/Externals/include",
					"$(PROJECT_DIR)/EklavyaEngine",
					"$(PROJECT_DIR)/Match3Test",
					"$(PROJECT_DIR)/Externals",
				);
				INFOPLIST_KEY_MetalCaptureEnabled = YES;
				LIBRARY_SEARCH_PATHS = (
					"$(PROJECT_DIR)/Externals/libraries",
					"$(PROJECT_DIR)/Externals",
				);
				NEW_SETTING = "";
				ONLY_ACTIVE_ARCH = YES;
				PRODUCT_NAME = "$(TARGET_NAME)";
				PROVISIONING_PROFILE_SPECIFIER = "";
			};
			name = Release;
		};
/* End XCBuildConfiguration section */

/* Begin XCConfigurationList section */
		9F0273DC281C430100CE30A9 /* Build configuration list for PBXProject "EklavyaEngine" */ = {
			isa = XCConfigurationList;
			buildConfigurations = (
				9F0273E6281C430100CE30A9 /* Debug */,
				9F0273E7281C430100CE30A9 /* Release */,
			);
			defaultConfigurationIsVisible = 0;
			defaultConfigurationName = Release;
		};
		9F0273E8281C430100CE30A9 /* Build configuration list for PBXNativeTarget "EklavyaEngine" */ = {
			isa = XCConfigurationList;
			buildConfigurations = (
				9F0273E9281C430100CE30A9 /* Debug */,
				9F0273EA281C430100CE30A9 /* Release */,
			);
			defaultConfigurationIsVisible = 0;
			defaultConfigurationName = Release;
		};
/* End XCConfigurationList section */
	};
	rootObject = 9F0273D9281C430100CE30A9 /* Project object */;
}
